
Microsoft Visual Studio Solution File, Format Version 12.00
# Visual Studio Version 17
VisualStudioVersion = 17.14.36915.13 d17.14
MinimumVisualStudioVersion = 10.0.40219.1
Project("{FAE04EC0-301F-11D3-BF4B-00C04F79EFBC}") = "Demo_ReportPrinter", "Demo_ReportPrinter.csproj", "{3B9B98B9-B74F-60AA-CEE8-AC84E3D4AFF3}"
EndProject
Global
	GlobalSection(SolutionConfigurationPlatforms) = preSolution
		Debug|Any CPU = Debug|Any CPU
		Release|Any CPU = Release|Any CPU
	EndGlobalSection
	GlobalSection(ProjectConfigurationPlatforms) = postSolution
		{3B9B98B9-B74F-60AA-CEE8-AC84E3D4AFF3}.Debug|Any CPU.ActiveCfg = Debug|Any CPU
		{3B9B98B9-B74F-60AA-CEE8-AC84E3D4AFF3}.Debug|Any CPU.Build.0 = Debug|Any CPU
		{3B9B98B9-B74F-60AA-CEE8-AC84E3D4AFF3}.Release|Any CPU.ActiveCfg = Release|Any CPU
		{3B9B98B9-B74F-60AA-CEE8-AC84E3D4AFF3}.Release|Any CPU.Build.0 = Release|Any CPU
	EndGlobalSection
	GlobalSection(SolutionProperties) = preSolution
		HideSolutionNode = FALSE
	EndGlobalSection
	GlobalSection(ExtensibilityGlobals) = postSolution
		SolutionGuid = {C27108E3-544D-44A6-9C84-16B29AF9A58A}
	EndGlobalSection
EndGlobal
