
Microsoft Visual Studio Solution File, Format Version 12.00
# Visual Studio Version 17
VisualStudioVersion = 17.0.31903.59
MinimumVisualStudioVersion = 10.0.40219.1
Project("{2150E333-8FDC-42A3-9474-1A3956D46DE8}") = "0_共享库", "0_共享库", "{7A5171DA-3759-5F45-6A74-C16DF4BA40C8}"
EndProject
Project("{FAE04EC0-301F-11D3-BF4B-00C04F79EFBC}") = "Xinglin.Common", "0_共享库\Xinglin.Common\Xinglin.Common.csproj", "{19884D69-ABB0-4E5A-B95D-95982DF486E7}"
EndProject
Project("{FAE04EC0-301F-11D3-BF4B-00C04F79EFBC}") = "Xinglin.Infrastructure", "0_共享库\Xinglin.Infrastructure\Xinglin.Infrastructure.csproj", "{D0CD4675-E1B7-4FDB-9062-50BC85325948}"
EndProject
Project("{FAE04EC0-301F-11D3-BF4B-00C04F79EFBC}") = "Xinglin.DataAdapters", "0_共享库\Xinglin.DataAdapters\Xinglin.DataAdapters.csproj", "{2C796F48-1CFE-4064-8594-6087D3D73801}"
EndProject
Project("{FAE04EC0-301F-11D3-BF4B-00C04F79EFBC}") = "Xinglin.Security", "0_共享库\Xinglin.Security\Xinglin.Security.csproj", "{7830CD56-E7F1-43A4-9032-D75D84707B92}"
EndProject
Project("{FAE04EC0-301F-11D3-BF4B-00C04F79EFBC}") = "Xinglin.Core", "0_共享库\Xinglin.Core\Xinglin.Core.csproj", "{647C772E-850D-4995-8981-ABE7C524AFC4}"
EndProject
Project("{2150E333-8FDC-42A3-9474-1A3956D46DE8}") = "1_桌面端", "1_桌面端", "{4DA7BA8C-EF90-6440-5835-E09D1539689E}"
EndProject
Project("{FAE04EC0-301F-11D3-BF4B-00C04F79EFBC}") = "Xinglin.Client.Core", "1_桌面端\Xinglin.Client.Core\Xinglin.Client.Core.csproj", "{24BF50E7-384E-4886-892B-DEBC9E9B6B1B}"
EndProject
Project("{FAE04EC0-301F-11D3-BF4B-00C04F79EFBC}") = "Xinglin.Printing.Service", "1_桌面端\Xinglin.Printing.Service\Xinglin.Printing.Service.csproj", "{A34AF8B2-37EA-4536-9A36-19DB3E7F44B4}"
EndProject
Project("{FAE04EC0-301F-11D3-BF4B-00C04F79EFBC}") = "Xinglin.ReportTemplateEditor.WPF", "1_桌面端\Xinglin.ReportTemplateEditor.WPF\Xinglin.ReportTemplateEditor.WPF.csproj", "{46729888-CD1A-44D9-BFCE-CB48263B09BD}"
EndProject
Project("{2150E333-8FDC-42A3-9474-1A3956D46DE8}") = "2_内网服务端", "2_内网服务端", "{10766400-0DEC-FA5D-DA36-536DB4C8C2F3}"
EndProject
Project("{2150E333-8FDC-42A3-9474-1A3956D46DE8}") = "3_外网服务端", "3_外网服务端", "{716D48DD-3099-74DA-CD67-AB07FB69BE87}"
EndProject
Project("{2150E333-8FDC-42A3-9474-1A3956D46DE8}") = "4_总控端", "4_总控端", "{B2D46413-16AF-5FF0-9D29-8249F75F3513}"
EndProject
Project("{2150E333-8FDC-42A3-9474-1A3956D46DE8}") = "9_测试", "9_测试", "{EA648833-2618-02AF-25F8-32472C79D2D3}"
EndProject
Project("{FAE04EC0-301F-11D3-BF4B-00C04F79EFBC}") = "Xinglin.Server.Internal", "2_内网服务端\Xinglin.Server.Internal\Xinglin.Server.Internal.csproj", "{D2051A44-8347-4C6F-888D-F58A193D8A0A}"
EndProject
Project("{FAE04EC0-301F-11D3-BF4B-00C04F79EFBC}") = "Xinglin.Server.Internal.API", "2_内网服务端\Xinglin.Server.Internal.API\Xinglin.Server.Internal.API.csproj", "{8D0919CF-EB89-44F0-8366-C8A620BBB3DF}"
EndProject
Project("{FAE04EC0-301F-11D3-BF4B-00C04F79EFBC}") = "Xinglin.Server.Internal.Core", "2_内网服务端\Xinglin.Server.Internal.Core\Xinglin.Server.Internal.Core.csproj", "{628432AF-BA87-4634-999F-D1747D431281}"
EndProject
Project("{FAE04EC0-301F-11D3-BF4B-00C04F79EFBC}") = "Xinglin.Server.External", "3_外网服务端\Xinglin.Server.External\Xinglin.Server.External.csproj", "{521B26DA-9A7D-456C-B6D2-07A445D111C1}"
EndProject
Project("{FAE04EC0-301F-11D3-BF4B-00C04F79EFBC}") = "Xinglin.Server.External.API", "3_外网服务端\Xinglin.Server.External.API\Xinglin.Server.External.API.csproj", "{5B28DB8F-96F8-4896-8A4D-028DE566C23D}"
EndProject
Project("{FAE04EC0-301F-11D3-BF4B-00C04F79EFBC}") = "Xinglin.Server.External.Core", "3_外网服务端\Xinglin.Server.External.Core\Xinglin.Server.External.Core.csproj", "{594DC0E7-92D6-44DD-B4BB-140641B9F91D}"
EndProject
Project("{FAE04EC0-301F-11D3-BF4B-00C04F79EFBC}") = "Xinglin.Server.Master", "4_总控端\Xinglin.Server.Master\Xinglin.Server.Master.csproj", "{686BC665-CD86-4881-B372-9C4D196E0AFF}"
EndProject
Project("{FAE04EC0-301F-11D3-BF4B-00C04F79EFBC}") = "Xinglin.Server.Master.API", "4_总控端\Xinglin.Server.Master.API\Xinglin.Server.Master.API.csproj", "{3FC26028-6CCA-4560-9A32-E9787964C0A7}"
EndProject
Project("{FAE04EC0-301F-11D3-BF4B-00C04F79EFBC}") = "Xinglin.Server.Master.Core", "4_总控端\Xinglin.Server.Master.Core\Xinglin.Server.Master.Core.csproj", "{E6FC1D89-75CA-49DB-A4C2-2168F2583490}"
EndProject
Project("{FAE04EC0-301F-11D3-BF4B-00C04F79EFBC}") = "Xinglin.Server.Master.Library", "4_总控端\Xinglin.Server.Master.Library\Xinglin.Server.Master.Library.csproj", "{286830EB-D44C-4DBA-B212-364FCCEE5490}"
EndProject
Project("{FAE04EC0-301F-11D3-BF4B-00C04F79EFBC}") = "Xinglin.Client.Tests", "9_测试\Xinglin.Client.Tests\Xinglin.Client.Tests.csproj", "{66B667FE-7E34-42DD-81A6-47F28B14F7F6}"
EndProject
Project("{FAE04EC0-301F-11D3-BF4B-00C04F79EFBC}") = "Xinglin.Core.Tests", "9_测试\Xinglin.Core.Tests\Xinglin.Core.Tests.csproj", "{4641808D-19F0-4371-9533-F802FCC4ECB1}"
EndProject
Project("{FAE04EC0-301F-11D3-BF4B-00C04F79EFBC}") = "Xinglin.ModularTests", "9_测试\Xinglin.ModularTests\Xinglin.ModularTests.csproj", "{80F3B5F5-EEA7-438B-8DA4-340B4B50CB8F}"
EndProject
Project("{FAE04EC0-301F-11D3-BF4B-00C04F79EFBC}") = "Xinglin.Server.External.Tests", "9_测试\Xinglin.Server.External.Tests\Xinglin.Server.External.Tests.csproj", "{EE855ED0-CAC6-4F63-82AF-7C0AEB273F52}"
EndProject
Project("{FAE04EC0-301F-11D3-BF4B-00C04F79EFBC}") = "Xinglin.Server.Internal.Tests", "9_测试\Xinglin.Server.Internal.Tests\Xinglin.Server.Internal.Tests.csproj", "{F7F98FF0-5AB7-4437-89B5-603DDB7450F4}"
EndProject
Project("{FAE04EC0-301F-11D3-BF4B-00C04F79EFBC}") = "Xinglin.Server.Master.Tests", "9_测试\Xinglin.Server.Master.Tests\Xinglin.Server.Master.Tests.csproj", "{22161EE3-85A2-47E4-956E-6B29ED8B96EB}"
EndProject
Global
	GlobalSection(SolutionConfigurationPlatforms) = preSolution
		Debug|Any CPU = Debug|Any CPU
		Debug|x64 = Debug|x64
		Debug|x86 = Debug|x86
		Release|Any CPU = Release|Any CPU
		Release|x64 = Release|x64
		Release|x86 = Release|x86
	EndGlobalSection
	GlobalSection(ProjectConfigurationPlatforms) = postSolution
		{19884D69-ABB0-4E5A-B95D-95982DF486E7}.Debug|Any CPU.ActiveCfg = Debug|Any CPU
		{19884D69-ABB0-4E5A-B95D-95982DF486E7}.Debug|Any CPU.Build.0 = Debug|Any CPU
		{19884D69-ABB0-4E5A-B95D-95982DF486E7}.Debug|x64.ActiveCfg = Debug|Any CPU
		{19884D69-ABB0-4E5A-B95D-95982DF486E7}.Debug|x64.Build.0 = Debug|Any CPU
		{19884D69-ABB0-4E5A-B95D-95982DF486E7}.Debug|x86.ActiveCfg = Debug|Any CPU
		{19884D69-ABB0-4E5A-B95D-95982DF486E7}.Debug|x86.Build.0 = Debug|Any CPU
		{19884D69-ABB0-4E5A-B95D-95982DF486E7}.Release|Any CPU.ActiveCfg = Release|Any CPU
		{19884D69-ABB0-4E5A-B95D-95982DF486E7}.Release|Any CPU.Build.0 = Release|Any CPU
		{19884D69-ABB0-4E5A-B95D-95982DF486E7}.Release|x64.ActiveCfg = Release|Any CPU
		{19884D69-ABB0-4E5A-B95D-95982DF486E7}.Release|x64.Build.0 = Release|Any CPU
		{19884D69-ABB0-4E5A-B95D-95982DF486E7}.Release|x86.ActiveCfg = Release|Any CPU
		{19884D69-ABB0-4E5A-B95D-95982DF486E7}.Release|x86.Build.0 = Release|Any CPU
		{D0CD4675-E1B7-4FDB-9062-50BC85325948}.Debug|Any CPU.ActiveCfg = Debug|Any CPU
		{D0CD4675-E1B7-4FDB-9062-50BC85325948}.Debug|Any CPU.Build.0 = Debug|Any CPU
		{D0CD4675-E1B7-4FDB-9062-50BC85325948}.Debug|x64.ActiveCfg = Debug|Any CPU
		{D0CD4675-E1B7-4FDB-9062-50BC85325948}.Debug|x64.Build.0 = Debug|Any CPU
		{D0CD4675-E1B7-4FDB-9062-50BC85325948}.Debug|x86.ActiveCfg = Debug|Any CPU
		{D0CD4675-E1B7-4FDB-9062-50BC85325948}.Debug|x86.Build.0 = Debug|Any CPU
		{D0CD4675-E1B7-4FDB-9062-50BC85325948}.Release|Any CPU.ActiveCfg = Release|Any CPU
		{D0CD4675-E1B7-4FDB-9062-50BC85325948}.Release|Any CPU.Build.0 = Release|Any CPU
		{D0CD4675-E1B7-4FDB-9062-50BC85325948}.Release|x64.ActiveCfg = Release|Any CPU
		{D0CD4675-E1B7-4FDB-9062-50BC85325948}.Release|x64.Build.0 = Release|Any CPU
		{D0CD4675-E1B7-4FDB-9062-50BC85325948}.Release|x86.ActiveCfg = Release|Any CPU
		{D0CD4675-E1B7-4FDB-9062-50BC85325948}.Release|x86.Build.0 = Release|Any CPU
		{2C796F48-1CFE-4064-8594-6087D3D73801}.Debug|Any CPU.ActiveCfg = Debug|Any CPU
		{2C796F48-1CFE-4064-8594-6087D3D73801}.Debug|Any CPU.Build.0 = Debug|Any CPU
		{2C796F48-1CFE-4064-8594-6087D3D73801}.Debug|x64.ActiveCfg = Debug|Any CPU
		{2C796F48-1CFE-4064-8594-6087D3D73801}.Debug|x64.Build.0 = Debug|Any CPU
		{2C796F48-1CFE-4064-8594-6087D3D73801}.Debug|x86.ActiveCfg = Debug|Any CPU
		{2C796F48-1CFE-4064-8594-6087D3D73801}.Debug|x86.Build.0 = Debug|Any CPU
		{2C796F48-1CFE-4064-8594-6087D3D73801}.Release|Any CPU.ActiveCfg = Release|Any CPU
		{2C796F48-1CFE-4064-8594-6087D3D73801}.Release|Any CPU.Build.0 = Release|Any CPU
		{2C796F48-1CFE-4064-8594-6087D3D73801}.Release|x64.ActiveCfg = Release|Any CPU
		{2C796F48-1CFE-4064-8594-6087D3D73801}.Release|x64.Build.0 = Release|Any CPU
		{2C796F48-1CFE-4064-8594-6087D3D73801}.Release|x86.ActiveCfg = Release|Any CPU
		{2C796F48-1CFE-4064-8594-6087D3D73801}.Release|x86.Build.0 = Release|Any CPU
		{7830CD56-E7F1-43A4-9032-D75D84707B92}.Debug|Any CPU.ActiveCfg = Debug|Any CPU
		{7830CD56-E7F1-43A4-9032-D75D84707B92}.Debug|Any CPU.Build.0 = Debug|Any CPU
		{7830CD56-E7F1-43A4-9032-D75D84707B92}.Debug|x64.ActiveCfg = Debug|Any CPU
		{7830CD56-E7F1-43A4-9032-D75D84707B92}.Debug|x64.Build.0 = Debug|Any CPU
		{7830CD56-E7F1-43A4-9032-D75D84707B92}.Debug|x86.ActiveCfg = Debug|Any CPU
		{7830CD56-E7F1-43A4-9032-D75D84707B92}.Debug|x86.Build.0 = Debug|Any CPU
		{7830CD56-E7F1-43A4-9032-D75D84707B92}.Release|Any CPU.ActiveCfg = Release|Any CPU
		{7830CD56-E7F1-43A4-9032-D75D84707B92}.Release|Any CPU.Build.0 = Release|Any CPU
		{7830CD56-E7F1-43A4-9032-D75D84707B92}.Release|x64.ActiveCfg = Release|Any CPU
		{7830CD56-E7F1-43A4-9032-D75D84707B92}.Release|x64.Build.0 = Release|Any CPU
		{7830CD56-E7F1-43A4-9032-D75D84707B92}.Release|x86.ActiveCfg = Release|Any CPU
		{7830CD56-E7F1-43A4-9032-D75D84707B92}.Release|x86.Build.0 = Release|Any CPU
		{647C772E-850D-4995-8981-ABE7C524AFC4}.Debug|Any CPU.ActiveCfg = Debug|Any CPU
		{647C772E-850D-4995-8981-ABE7C524AFC4}.Debug|Any CPU.Build.0 = Debug|Any CPU
		{647C772E-850D-4995-8981-ABE7C524AFC4}.Debug|x64.ActiveCfg = Debug|Any CPU
		{647C772E-850D-4995-8981-ABE7C524AFC4}.Debug|x64.Build.0 = Debug|Any CPU
		{647C772E-850D-4995-8981-ABE7C524AFC4}.Debug|x86.ActiveCfg = Debug|Any CPU
		{647C772E-850D-4995-8981-ABE7C524AFC4}.Debug|x86.Build.0 = Debug|Any CPU
		{647C772E-850D-4995-8981-ABE7C524AFC4}.Release|Any CPU.ActiveCfg = Release|Any CPU
		{647C772E-850D-4995-8981-ABE7C524AFC4}.Release|Any CPU.Build.0 = Release|Any CPU
		{647C772E-850D-4995-8981-ABE7C524AFC4}.Release|x64.ActiveCfg = Release|Any CPU
		{647C772E-850D-4995-8981-ABE7C524AFC4}.Release|x64.Build.0 = Release|Any CPU
		{647C772E-850D-4995-8981-ABE7C524AFC4}.Release|x86.ActiveCfg = Release|Any CPU
		{647C772E-850D-4995-8981-ABE7C524AFC4}.Release|x86.Build.0 = Release|Any CPU
		{24BF50E7-384E-4886-892B-DEBC9E9B6B1B}.Debug|Any CPU.ActiveCfg = Debug|Any CPU
		{24BF50E7-384E-4886-892B-DEBC9E9B6B1B}.Debug|Any CPU.Build.0 = Debug|Any CPU
		{24BF50E7-384E-4886-892B-DEBC9E9B6B1B}.Debug|x64.ActiveCfg = Debug|Any CPU
		{24BF50E7-384E-4886-892B-DEBC9E9B6B1B}.Debug|x64.Build.0 = Debug|Any CPU
		{24BF50E7-384E-4886-892B-DEBC9E9B6B1B}.Debug|x86.ActiveCfg = Debug|Any CPU
		{24BF50E7-384E-4886-892B-DEBC9E9B6B1B}.Debug|x86.Build.0 = Debug|Any CPU
		{24BF50E7-384E-4886-892B-DEBC9E9B6B1B}.Release|Any CPU.ActiveCfg = Release|Any CPU
		{24BF50E7-384E-4886-892B-DEBC9E9B6B1B}.Release|Any CPU.Build.0 = Release|Any CPU
		{24BF50E7-384E-4886-892B-DEBC9E9B6B1B}.Release|x64.ActiveCfg = Release|Any CPU
		{24BF50E7-384E-4886-892B-DEBC9E9B6B1B}.Release|x64.Build.0 = Release|Any CPU
		{24BF50E7-384E-4886-892B-DEBC9E9B6B1B}.Release|x86.ActiveCfg = Release|Any CPU
		{24BF50E7-384E-4886-892B-DEBC9E9B6B1B}.Release|x86.Build.0 = Release|Any CPU
		{A34AF8B2-37EA-4536-9A36-19DB3E7F44B4}.Debug|Any CPU.ActiveCfg = Debug|Any CPU
		{A34AF8B2-37EA-4536-9A36-19DB3E7F44B4}.Debug|Any CPU.Build.0 = Debug|Any CPU
		{A34AF8B2-37EA-4536-9A36-19DB3E7F44B4}.Debug|x64.ActiveCfg = Debug|Any CPU
		{A34AF8B2-37EA-4536-9A36-19DB3E7F44B4}.Debug|x64.Build.0 = Debug|Any CPU
		{A34AF8B2-37EA-4536-9A36-19DB3E7F44B4}.Debug|x86.ActiveCfg = Debug|Any CPU
		{A34AF8B2-37EA-4536-9A36-19DB3E7F44B4}.Debug|x86.Build.0 = Debug|Any CPU
		{A34AF8B2-37EA-4536-9A36-19DB3E7F44B4}.Release|Any CPU.ActiveCfg = Release|Any CPU
		{A34AF8B2-37EA-4536-9A36-19DB3E7F44B4}.Release|Any CPU.Build.0 = Release|Any CPU
		{A34AF8B2-37EA-4536-9A36-19DB3E7F44B4}.Release|x64.ActiveCfg = Release|Any CPU
		{A34AF8B2-37EA-4536-9A36-19DB3E7F44B4}.Release|x64.Build.0 = Release|Any CPU
		{A34AF8B2-37EA-4536-9A36-19DB3E7F44B4}.Release|x86.ActiveCfg = Release|Any CPU
		{A34AF8B2-37EA-4536-9A36-19DB3E7F44B4}.Release|x86.Build.0 = Release|Any CPU
		{46729888-CD1A-44D9-BFCE-CB48263B09BD}.Debug|Any CPU.ActiveCfg = Debug|Any CPU
		{46729888-CD1A-44D9-BFCE-CB48263B09BD}.Debug|Any CPU.Build.0 = Debug|Any CPU
		{46729888-CD1A-44D9-BFCE-CB48263B09BD}.Debug|x64.ActiveCfg = Debug|Any CPU
		{46729888-CD1A-44D9-BFCE-CB48263B09BD}.Debug|x64.Build.0 = Debug|Any CPU
		{46729888-CD1A-44D9-BFCE-CB48263B09BD}.Debug|x86.ActiveCfg = Debug|Any CPU
		{46729888-CD1A-44D9-BFCE-CB48263B09BD}.Debug|x86.Build.0 = Debug|Any CPU
		{46729888-CD1A-44D9-BFCE-CB48263B09BD}.Release|Any CPU.ActiveCfg = Release|Any CPU
		{46729888-CD1A-44D9-BFCE-CB48263B09BD}.Release|Any CPU.Build.0 = Release|Any CPU
		{46729888-CD1A-44D9-BFCE-CB48263B09BD}.Release|x64.ActiveCfg = Release|Any CPU
		{46729888-CD1A-44D9-BFCE-CB48263B09BD}.Release|x64.Build.0 = Release|Any CPU
		{46729888-CD1A-44D9-BFCE-CB48263B09BD}.Release|x86.ActiveCfg = Release|Any CPU
		{46729888-CD1A-44D9-BFCE-CB48263B09BD}.Release|x86.Build.0 = Release|Any CPU
		{D2051A44-8347-4C6F-888D-F58A193D8A0A}.Debug|Any CPU.ActiveCfg = Debug|Any CPU
		{D2051A44-8347-4C6F-888D-F58A193D8A0A}.Debug|Any CPU.Build.0 = Debug|Any CPU
		{D2051A44-8347-4C6F-888D-F58A193D8A0A}.Debug|x64.ActiveCfg = Debug|Any CPU
		{D2051A44-8347-4C6F-888D-F58A193D8A0A}.Debug|x64.Build.0 = Debug|Any CPU
		{D2051A44-8347-4C6F-888D-F58A193D8A0A}.Debug|x86.ActiveCfg = Debug|Any CPU
		{D2051A44-8347-4C6F-888D-F58A193D8A0A}.Debug|x86.Build.0 = Debug|Any CPU
		{D2051A44-8347-4C6F-888D-F58A193D8A0A}.Release|Any CPU.ActiveCfg = Release|Any CPU
		{D2051A44-8347-4C6F-888D-F58A193D8A0A}.Release|Any CPU.Build.0 = Release|Any CPU
		{D2051A44-8347-4C6F-888D-F58A193D8A0A}.Release|x64.ActiveCfg = Release|Any CPU
		{D2051A44-8347-4C6F-888D-F58A193D8A0A}.Release|x64.Build.0 = Release|Any CPU
		{D2051A44-8347-4C6F-888D-F58A193D8A0A}.Release|x86.ActiveCfg = Release|Any CPU
		{D2051A44-8347-4C6F-888D-F58A193D8A0A}.Release|x86.Build.0 = Release|Any CPU
		{8D0919CF-EB89-44F0-8366-C8A620BBB3DF}.Debug|Any CPU.ActiveCfg = Debug|Any CPU
		{8D0919CF-EB89-44F0-8366-C8A620BBB3DF}.Debug|Any CPU.Build.0 = Debug|Any CPU
		{8D0919CF-EB89-44F0-8366-C8A620BBB3DF}.Debug|x64.ActiveCfg = Debug|Any CPU
		{8D0919CF-EB89-44F0-8366-C8A620BBB3DF}.Debug|x64.Build.0 = Debug|Any CPU
		{8D0919CF-EB89-44F0-8366-C8A620BBB3DF}.Debug|x86.ActiveCfg = Debug|Any CPU
		{8D0919CF-EB89-44F0-8366-C8A620BBB3DF}.Debug|x86.Build.0 = Debug|Any CPU
		{8D0919CF-EB89-44F0-8366-C8A620BBB3DF}.Release|Any CPU.ActiveCfg = Release|Any CPU
		{8D0919CF-EB89-44F0-8366-C8A620BBB3DF}.Release|Any CPU.Build.0 = Release|Any CPU
		{8D0919CF-EB89-44F0-8366-C8A620BBB3DF}.Release|x64.ActiveCfg = Release|Any CPU
		{8D0919CF-EB89-44F0-8366-C8A620BBB3DF}.Release|x64.Build.0 = Release|Any CPU
		{8D0919CF-EB89-44F0-8366-C8A620BBB3DF}.Release|x86.ActiveCfg = Release|Any CPU
		{8D0919CF-EB89-44F0-8366-C8A620BBB3DF}.Release|x86.Build.0 = Release|Any CPU
		{628432AF-BA87-4634-999F-D1747D431281}.Debug|Any CPU.ActiveCfg = Debug|Any CPU
		{628432AF-BA87-4634-999F-D1747D431281}.Debug|Any CPU.Build.0 = Debug|Any CPU
		{628432AF-BA87-4634-999F-D1747D431281}.Debug|x64.ActiveCfg = Debug|Any CPU
		{628432AF-BA87-4634-999F-D1747D431281}.Debug|x64.Build.0 = Debug|Any CPU
		{628432AF-BA87-4634-999F-D1747D431281}.Debug|x86.ActiveCfg = Debug|Any CPU
		{628432AF-BA87-4634-999F-D1747D431281}.Debug|x86.Build.0 = Debug|Any CPU
		{628432AF-BA87-4634-999F-D1747D431281}.Release|Any CPU.ActiveCfg = Release|Any CPU
		{628432AF-BA87-4634-999F-D1747D431281}.Release|Any CPU.Build.0 = Release|Any CPU
		{628432AF-BA87-4634-999F-D1747D431281}.Release|x64.ActiveCfg = Release|Any CPU
		{628432AF-BA87-4634-999F-D1747D431281}.Release|x64.Build.0 = Release|Any CPU
		{628432AF-BA87-4634-999F-D1747D431281}.Release|x86.ActiveCfg = Release|Any CPU
		{628432AF-BA87-4634-999F-D1747D431281}.Release|x86.Build.0 = Release|Any CPU
		{521B26DA-9A7D-456C-B6D2-07A445D111C1}.Debug|Any CPU.ActiveCfg = Debug|Any CPU
		{521B26DA-9A7D-456C-B6D2-07A445D111C1}.Debug|Any CPU.Build.0 = Debug|Any CPU
		{521B26DA-9A7D-456C-B6D2-07A445D111C1}.Debug|x64.ActiveCfg = Debug|Any CPU
		{521B26DA-9A7D-456C-B6D2-07A445D111C1}.Debug|x64.Build.0 = Debug|Any CPU
		{521B26DA-9A7D-456C-B6D2-07A445D111C1}.Debug|x86.ActiveCfg = Debug|Any CPU
		{521B26DA-9A7D-456C-B6D2-07A445D111C1}.Debug|x86.Build.0 = Debug|Any CPU
		{521B26DA-9A7D-456C-B6D2-07A445D111C1}.Release|Any CPU.ActiveCfg = Release|Any CPU
		{521B26DA-9A7D-456C-B6D2-07A445D111C1}.Release|Any CPU.Build.0 = Release|Any CPU
		{521B26DA-9A7D-456C-B6D2-07A445D111C1}.Release|x64.ActiveCfg = Release|Any CPU
		{521B26DA-9A7D-456C-B6D2-07A445D111C1}.Release|x64.Build.0 = Release|Any CPU
		{521B26DA-9A7D-456C-B6D2-07A445D111C1}.Release|x86.ActiveCfg = Release|Any CPU
		{521B26DA-9A7D-456C-B6D2-07A445D111C1}.Release|x86.Build.0 = Release|Any CPU
		{5B28DB8F-96F8-4896-8A4D-028DE566C23D}.Debug|Any CPU.ActiveCfg = Debug|Any CPU
		{5B28DB8F-96F8-4896-8A4D-028DE566C23D}.Debug|Any CPU.Build.0 = Debug|Any CPU
		{5B28DB8F-96F8-4896-8A4D-028DE566C23D}.Debug|x64.ActiveCfg = Debug|Any CPU
		{5B28DB8F-96F8-4896-8A4D-028DE566C23D}.Debug|x64.Build.0 = Debug|Any CPU
		{5B28DB8F-96F8-4896-8A4D-028DE566C23D}.Debug|x86.ActiveCfg = Debug|Any CPU
		{5B28DB8F-96F8-4896-8A4D-028DE566C23D}.Debug|x86.Build.0 = Debug|Any CPU
		{5B28DB8F-96F8-4896-8A4D-028DE566C23D}.Release|Any CPU.ActiveCfg = Release|Any CPU
		{5B28DB8F-96F8-4896-8A4D-028DE566C23D}.Release|Any CPU.Build.0 = Release|Any CPU
		{5B28DB8F-96F8-4896-8A4D-028DE566C23D}.Release|x64.ActiveCfg = Release|Any CPU
		{5B28DB8F-96F8-4896-8A4D-028DE566C23D}.Release|x64.Build.0 = Release|Any CPU
		{5B28DB8F-96F8-4896-8A4D-028DE566C23D}.Release|x86.ActiveCfg = Release|Any CPU
		{5B28DB8F-96F8-4896-8A4D-028DE566C23D}.Release|x86.Build.0 = Release|Any CPU
		{594DC0E7-92D6-44DD-B4BB-140641B9F91D}.Debug|Any CPU.ActiveCfg = Debug|Any CPU
		{594DC0E7-92D6-44DD-B4BB-140641B9F91D}.Debug|Any CPU.Build.0 = Debug|Any CPU
		{594DC0E7-92D6-44DD-B4BB-140641B9F91D}.Debug|x64.ActiveCfg = Debug|Any CPU
		{594DC0E7-92D6-44DD-B4BB-140641B9F91D}.Debug|x64.Build.0 = Debug|Any CPU
		{594DC0E7-92D6-44DD-B4BB-140641B9F91D}.Debug|x86.ActiveCfg = Debug|Any CPU
		{594DC0E7-92D6-44DD-B4BB-140641B9F91D}.Debug|x86.Build.0 = Debug|Any CPU
		{594DC0E7-92D6-44DD-B4BB-140641B9F91D}.Release|Any CPU.ActiveCfg = Release|Any CPU
		{594DC0E7-92D6-44DD-B4BB-140641B9F91D}.Release|Any CPU.Build.0 = Release|Any CPU
		{594DC0E7-92D6-44DD-B4BB-140641B9F91D}.Release|x64.ActiveCfg = Release|Any CPU
		{594DC0E7-92D6-44DD-B4BB-140641B9F91D}.Release|x64.Build.0 = Release|Any CPU
		{594DC0E7-92D6-44DD-B4BB-140641B9F91D}.Release|x86.ActiveCfg = Release|Any CPU
		{594DC0E7-92D6-44DD-B4BB-140641B9F91D}.Release|x86.Build.0 = Release|Any CPU
		{686BC665-CD86-4881-B372-9C4D196E0AFF}.Debug|Any CPU.ActiveCfg = Debug|Any CPU
		{686BC665-CD86-4881-B372-9C4D196E0AFF}.Debug|Any CPU.Build.0 = Debug|Any CPU
		{686BC665-CD86-4881-B372-9C4D196E0AFF}.Debug|x64.ActiveCfg = Debug|Any CPU
		{686BC665-CD86-4881-B372-9C4D196E0AFF}.Debug|x64.Build.0 = Debug|Any CPU
		{686BC665-CD86-4881-B372-9C4D196E0AFF}.Debug|x86.ActiveCfg = Debug|Any CPU
		{686BC665-CD86-4881-B372-9C4D196E0AFF}.Debug|x86.Build.0 = Debug|Any CPU
		{686BC665-CD86-4881-B372-9C4D196E0AFF}.Release|Any CPU.ActiveCfg = Release|Any CPU
		{686BC665-CD86-4881-B372-9C4D196E0AFF}.Release|Any CPU.Build.0 = Release|Any CPU
		{686BC665-CD86-4881-B372-9C4D196E0AFF}.Release|x64.ActiveCfg = Release|Any CPU
		{686BC665-CD86-4881-B372-9C4D196E0AFF}.Release|x64.Build.0 = Release|Any CPU
		{686BC665-CD86-4881-B372-9C4D196E0AFF}.Release|x86.ActiveCfg = Release|Any CPU
		{686BC665-CD86-4881-B372-9C4D196E0AFF}.Release|x86.Build.0 = Release|Any CPU
		{3FC26028-6CCA-4560-9A32-E9787964C0A7}.Debug|Any CPU.ActiveCfg = Debug|Any CPU
		{3FC26028-6CCA-4560-9A32-E9787964C0A7}.Debug|Any CPU.Build.0 = Debug|Any CPU
		{3FC26028-6CCA-4560-9A32-E9787964C0A7}.Debug|x64.ActiveCfg = Debug|Any CPU
		{3FC26028-6CCA-4560-9A32-E9787964C0A7}.Debug|x64.Build.0 = Debug|Any CPU
		{3FC26028-6CCA-4560-9A32-E9787964C0A7}.Debug|x86.ActiveCfg = Debug|Any CPU
		{3FC26028-6CCA-4560-9A32-E9787964C0A7}.Debug|x86.Build.0 = Debug|Any CPU
		{3FC26028-6CCA-4560-9A32-E9787964C0A7}.Release|Any CPU.ActiveCfg = Release|Any CPU
		{3FC26028-6CCA-4560-9A32-E9787964C0A7}.Release|Any CPU.Build.0 = Release|Any CPU
		{3FC26028-6CCA-4560-9A32-E9787964C0A7}.Release|x64.ActiveCfg = Release|Any CPU
		{3FC26028-6CCA-4560-9A32-E9787964C0A7}.Release|x64.Build.0 = Release|Any CPU
		{3FC26028-6CCA-4560-9A32-E9787964C0A7}.Release|x86.ActiveCfg = Release|Any CPU
		{3FC26028-6CCA-4560-9A32-E9787964C0A7}.Release|x86.Build.0 = Release|Any CPU
		{E6FC1D89-75CA-49DB-A4C2-2168F2583490}.Debug|Any CPU.ActiveCfg = Debug|Any CPU
		{E6FC1D89-75CA-49DB-A4C2-2168F2583490}.Debug|Any CPU.Build.0 = Debug|Any CPU
		{E6FC1D89-75CA-49DB-A4C2-2168F2583490}.Debug|x64.ActiveCfg = Debug|Any CPU
		{E6FC1D89-75CA-49DB-A4C2-2168F2583490}.Debug|x64.Build.0 = Debug|Any CPU
		{E6FC1D89-75CA-49DB-A4C2-2168F2583490}.Debug|x86.ActiveCfg = Debug|Any CPU
		{E6FC1D89-75CA-49DB-A4C2-2168F2583490}.Debug|x86.Build.0 = Debug|Any CPU
		{E6FC1D89-75CA-49DB-A4C2-2168F2583490}.Release|Any CPU.ActiveCfg = Release|Any CPU
		{E6FC1D89-75CA-49DB-A4C2-2168F2583490}.Release|Any CPU.Build.0 = Release|Any CPU
		{E6FC1D89-75CA-49DB-A4C2-2168F2583490}.Release|x64.ActiveCfg = Release|Any CPU
		{E6FC1D89-75CA-49DB-A4C2-2168F2583490}.Release|x64.Build.0 = Release|Any CPU
		{E6FC1D89-75CA-49DB-A4C2-2168F2583490}.Release|x86.ActiveCfg = Release|Any CPU
		{E6FC1D89-75CA-49DB-A4C2-2168F2583490}.Release|x86.Build.0 = Release|Any CPU
		{286830EB-D44C-4DBA-B212-364FCCEE5490}.Debug|Any CPU.ActiveCfg = Debug|Any CPU
		{286830EB-D44C-4DBA-B212-364FCCEE5490}.Debug|Any CPU.Build.0 = Debug|Any CPU
		{286830EB-D44C-4DBA-B212-364FCCEE5490}.Debug|x64.ActiveCfg = Debug|Any CPU
		{286830EB-D44C-4DBA-B212-364FCCEE5490}.Debug|x64.Build.0 = Debug|Any CPU
		{286830EB-D44C-4DBA-B212-364FCCEE5490}.Debug|x86.ActiveCfg = Debug|Any CPU
		{286830EB-D44C-4DBA-B212-364FCCEE5490}.Debug|x86.Build.0 = Debug|Any CPU
		{286830EB-D44C-4DBA-B212-364FCCEE5490}.Release|Any CPU.ActiveCfg = Release|Any CPU
		{286830EB-D44C-4DBA-B212-364FCCEE5490}.Release|Any CPU.Build.0 = Release|Any CPU
		{286830EB-D44C-4DBA-B212-364FCCEE5490}.Release|x64.ActiveCfg = Release|Any CPU
		{286830EB-D44C-4DBA-B212-364FCCEE5490}.Release|x64.Build.0 = Release|Any CPU
		{286830EB-D44C-4DBA-B212-364FCCEE5490}.Release|x86.ActiveCfg = Release|Any CPU
		{286830EB-D44C-4DBA-B212-364FCCEE5490}.Release|x86.Build.0 = Release|Any CPU
		{66B667FE-7E34-42DD-81A6-47F28B14F7F6}.Debug|Any CPU.ActiveCfg = Debug|Any CPU
		{66B667FE-7E34-42DD-81A6-47F28B14F7F6}.Debug|Any CPU.Build.0 = Debug|Any CPU
		{66B667FE-7E34-42DD-81A6-47F28B14F7F6}.Debug|x64.ActiveCfg = Debug|Any CPU
		{66B667FE-7E34-42DD-81A6-47F28B14F7F6}.Debug|x64.Build.0 = Debug|Any CPU
		{66B667FE-7E34-42DD-81A6-47F28B14F7F6}.Debug|x86.ActiveCfg = Debug|Any CPU
		{66B667FE-7E34-42DD-81A6-47F28B14F7F6}.Debug|x86.Build.0 = Debug|Any CPU
		{66B667FE-7E34-42DD-81A6-47F28B14F7F6}.Release|Any CPU.ActiveCfg = Release|Any CPU
		{66B667FE-7E34-42DD-81A6-47F28B14F7F6}.Release|Any CPU.Build.0 = Release|Any CPU
		{66B667FE-7E34-42DD-81A6-47F28B14F7F6}.Release|x64.ActiveCfg = Release|Any CPU
		{66B667FE-7E34-42DD-81A6-47F28B14F7F6}.Release|x64.Build.0 = Release|Any CPU
		{66B667FE-7E34-42DD-81A6-47F28B14F7F6}.Release|x86.ActiveCfg = Release|Any CPU
		{66B667FE-7E34-42DD-81A6-47F28B14F7F6}.Release|x86.Build.0 = Release|Any CPU
		{4641808D-19F0-4371-9533-F802FCC4ECB1}.Debug|Any CPU.ActiveCfg = Debug|Any CPU
		{4641808D-19F0-4371-9533-F802FCC4ECB1}.Debug|Any CPU.Build.0 = Debug|Any CPU
		{4641808D-19F0-4371-9533-F802FCC4ECB1}.Debug|x64.ActiveCfg = Debug|Any CPU
		{4641808D-19F0-4371-9533-F802FCC4ECB1}.Debug|x64.Build.0 = Debug|Any CPU
		{4641808D-19F0-4371-9533-F802FCC4ECB1}.Debug|x86.ActiveCfg = Debug|Any CPU
		{4641808D-19F0-4371-9533-F802FCC4ECB1}.Debug|x86.Build.0 = Debug|Any CPU
		{4641808D-19F0-4371-9533-F802FCC4ECB1}.Release|Any CPU.ActiveCfg = Release|Any CPU
		{4641808D-19F0-4371-9533-F802FCC4ECB1}.Release|Any CPU.Build.0 = Release|Any CPU
		{4641808D-19F0-4371-9533-F802FCC4ECB1}.Release|x64.ActiveCfg = Release|Any CPU
		{4641808D-19F0-4371-9533-F802FCC4ECB1}.Release|x64.Build.0 = Release|Any CPU
		{4641808D-19F0-4371-9533-F802FCC4ECB1}.Release|x86.ActiveCfg = Release|Any CPU
		{4641808D-19F0-4371-9533-F802FCC4ECB1}.Release|x86.Build.0 = Release|Any CPU
		{80F3B5F5-EEA7-438B-8DA4-340B4B50CB8F}.Debug|Any CPU.ActiveCfg = Debug|Any CPU
		{80F3B5F5-EEA7-438B-8DA4-340B4B50CB8F}.Debug|Any CPU.Build.0 = Debug|Any CPU
		{80F3B5F5-EEA7-438B-8DA4-340B4B50CB8F}.Debug|x64.ActiveCfg = Debug|Any CPU
		{80F3B5F5-EEA7-438B-8DA4-340B4B50CB8F}.Debug|x64.Build.0 = Debug|Any CPU
		{80F3B5F5-EEA7-438B-8DA4-340B4B50CB8F}.Debug|x86.ActiveCfg = Debug|Any CPU
		{80F3B5F5-EEA7-438B-8DA4-340B4B50CB8F}.Debug|x86.Build.0 = Debug|Any CPU
		{80F3B5F5-EEA7-438B-8DA4-340B4B50CB8F}.Release|Any CPU.ActiveCfg = Release|Any CPU
		{80F3B5F5-EEA7-438B-8DA4-340B4B50CB8F}.Release|Any CPU.Build.0 = Release|Any CPU
		{80F3B5F5-EEA7-438B-8DA4-340B4B50CB8F}.Release|x64.ActiveCfg = Release|Any CPU
		{80F3B5F5-EEA7-438B-8DA4-340B4B50CB8F}.Release|x64.Build.0 = Release|Any CPU
		{80F3B5F5-EEA7-438B-8DA4-340B4B50CB8F}.Release|x86.ActiveCfg = Release|Any CPU
		{80F3B5F5-EEA7-438B-8DA4-340B4B50CB8F}.Release|x86.Build.0 = Release|Any CPU
		{EE855ED0-CAC6-4F63-82AF-7C0AEB273F52}.Debug|Any CPU.ActiveCfg = Debug|Any CPU
		{EE855ED0-CAC6-4F63-82AF-7C0AEB273F52}.Debug|Any CPU.Build.0 = Debug|Any CPU
		{EE855ED0-CAC6-4F63-82AF-7C0AEB273F52}.Debug|x64.ActiveCfg = Debug|Any CPU
		{EE855ED0-CAC6-4F63-82AF-7C0AEB273F52}.Debug|x64.Build.0 = Debug|Any CPU
		{EE855ED0-CAC6-4F63-82AF-7C0AEB273F52}.Debug|x86.ActiveCfg = Debug|Any CPU
		{EE855ED0-CAC6-4F63-82AF-7C0AEB273F52}.Debug|x86.Build.0 = Debug|Any CPU
		{EE855ED0-CAC6-4F63-82AF-7C0AEB273F52}.Release|Any CPU.ActiveCfg = Release|Any CPU
		{EE855ED0-CAC6-4F63-82AF-7C0AEB273F52}.Release|Any CPU.Build.0 = Release|Any CPU
		{EE855ED0-CAC6-4F63-82AF-7C0AEB273F52}.Release|x64.ActiveCfg = Release|Any CPU
		{EE855ED0-CAC6-4F63-82AF-7C0AEB273F52}.Release|x64.Build.0 = Release|Any CPU
		{EE855ED0-CAC6-4F63-82AF-7C0AEB273F52}.Release|x86.ActiveCfg = Release|Any CPU
		{EE855ED0-CAC6-4F63-82AF-7C0AEB273F52}.Release|x86.Build.0 = Release|Any CPU
		{F7F98FF0-5AB7-4437-89B5-603DDB7450F4}.Debug|Any CPU.ActiveCfg = Debug|Any CPU
		{F7F98FF0-5AB7-4437-89B5-603DDB7450F4}.Debug|Any CPU.Build.0 = Debug|Any CPU
		{F7F98FF0-5AB7-4437-89B5-603DDB7450F4}.Debug|x64.ActiveCfg = Debug|Any CPU
		{F7F98FF0-5AB7-4437-89B5-603DDB7450F4}.Debug|x64.Build.0 = Debug|Any CPU
		{F7F98FF0-5AB7-4437-89B5-603DDB7450F4}.Debug|x86.ActiveCfg = Debug|Any CPU
		{F7F98FF0-5AB7-4437-89B5-603DDB7450F4}.Debug|x86.Build.0 = Debug|Any CPU
		{F7F98FF0-5AB7-4437-89B5-603DDB7450F4}.Release|Any CPU.ActiveCfg = Release|Any CPU
		{F7F98FF0-5AB7-4437-89B5-603DDB7450F4}.Release|Any CPU.Build.0 = Release|Any CPU
		{F7F98FF0-5AB7-4437-89B5-603DDB7450F4}.Release|x64.ActiveCfg = Release|Any CPU
		{F7F98FF0-5AB7-4437-89B5-603DDB7450F4}.Release|x64.Build.0 = Release|Any CPU
		{F7F98FF0-5AB7-4437-89B5-603DDB7450F4}.Release|x86.ActiveCfg = Release|Any CPU
		{F7F98FF0-5AB7-4437-89B5-603DDB7450F4}.Release|x86.Build.0 = Release|Any CPU
		{22161EE3-85A2-47E4-956E-6B29ED8B96EB}.Debug|Any CPU.ActiveCfg = Debug|Any CPU
		{22161EE3-85A2-47E4-956E-6B29ED8B96EB}.Debug|Any CPU.Build.0 = Debug|Any CPU
		{22161EE3-85A2-47E4-956E-6B29ED8B96EB}.Debug|x64.ActiveCfg = Debug|Any CPU
		{22161EE3-85A2-47E4-956E-6B29ED8B96EB}.Debug|x64.Build.0 = Debug|Any CPU
		{22161EE3-85A2-47E4-956E-6B29ED8B96EB}.Debug|x86.ActiveCfg = Debug|Any CPU
		{22161EE3-85A2-47E4-956E-6B29ED8B96EB}.Debug|x86.Build.0 = Debug|Any CPU
		{22161EE3-85A2-47E4-956E-6B29ED8B96EB}.Release|Any CPU.ActiveCfg = Release|Any CPU
		{22161EE3-85A2-47E4-956E-6B29ED8B96EB}.Release|Any CPU.Build.0 = Release|Any CPU
		{22161EE3-85A2-47E4-956E-6B29ED8B96EB}.Release|x64.ActiveCfg = Release|Any CPU
		{22161EE3-85A2-47E4-956E-6B29ED8B96EB}.Release|x64.Build.0 = Release|Any CPU
		{22161EE3-85A2-47E4-956E-6B29ED8B96EB}.Release|x86.ActiveCfg = Release|Any CPU
		{22161EE3-85A2-47E4-956E-6B29ED8B96EB}.Release|x86.Build.0 = Release|Any CPU
	EndGlobalSection
	GlobalSection(SolutionProperties) = preSolution
		HideSolutionNode = FALSE
	EndGlobalSection
	GlobalSection(NestedProjects) = preSolution
		{19884D69-ABB0-4E5A-B95D-95982DF486E7} = {7A5171DA-3759-5F45-6A74-C16DF4BA40C8}
		{D0CD4675-E1B7-4FDB-9062-50BC85325948} = {7A5171DA-3759-5F45-6A74-C16DF4BA40C8}
		{2C796F48-1CFE-4064-8594-6087D3D73801} = {7A5171DA-3759-5F45-6A74-C16DF4BA40C8}
		{7830CD56-E7F1-43A4-9032-D75D84707B92} = {7A5171DA-3759-5F45-6A74-C16DF4BA40C8}
		{647C772E-850D-4995-8981-ABE7C524AFC4} = {7A5171DA-3759-5F45-6A74-C16DF4BA40C8}
		{24BF50E7-384E-4886-892B-DEBC9E9B6B1B} = {4DA7BA8C-EF90-6440-5835-E09D1539689E}
		{A34AF8B2-37EA-4536-9A36-19DB3E7F44B4} = {4DA7BA8C-EF90-6440-5835-E09D1539689E}
		{46729888-CD1A-44D9-BFCE-CB48263B09BD} = {4DA7BA8C-EF90-6440-5835-E09D1539689E}
		{D2051A44-8347-4C6F-888D-F58A193D8A0A} = {10766400-0DEC-FA5D-DA36-536DB4C8C2F3}
		{8D0919CF-EB89-44F0-8366-C8A620BBB3DF} = {10766400-0DEC-FA5D-DA36-536DB4C8C2F3}
		{628432AF-BA87-4634-999F-D1747D431281} = {10766400-0DEC-FA5D-DA36-536DB4C8C2F3}
		{521B26DA-9A7D-456C-B6D2-07A445D111C1} = {716D48DD-3099-74DA-CD67-AB07FB69BE87}
		{5B28DB8F-96F8-4896-8A4D-028DE566C23D} = {716D48DD-3099-74DA-CD67-AB07FB69BE87}
		{594DC0E7-92D6-44DD-B4BB-140641B9F91D} = {716D48DD-3099-74DA-CD67-AB07FB69BE87}
		{686BC665-CD86-4881-B372-9C4D196E0AFF} = {B2D46413-16AF-5FF0-9D29-8249F75F3513}
		{3FC26028-6CCA-4560-9A32-E9787964C0A7} = {B2D46413-16AF-5FF0-9D29-8249F75F3513}
		{E6FC1D89-75CA-49DB-A4C2-2168F2583490} = {B2D46413-16AF-5FF0-9D29-8249F75F3513}
		{286830EB-D44C-4DBA-B212-364FCCEE5490} = {B2D46413-16AF-5FF0-9D29-8249F75F3513}
		{66B667FE-7E34-42DD-81A6-47F28B14F7F6} = {EA648833-2618-02AF-25F8-32472C79D2D3}
		{4641808D-19F0-4371-9533-F802FCC4ECB1} = {EA648833-2618-02AF-25F8-32472C79D2D3}
		{80F3B5F5-EEA7-438B-8DA4-340B4B50CB8F} = {EA648833-2618-02AF-25F8-32472C79D2D3}
		{EE855ED0-CAC6-4F63-82AF-7C0AEB273F52} = {EA648833-2618-02AF-25F8-32472C79D2D3}
		{F7F98FF0-5AB7-4437-89B5-603DDB7450F4} = {EA648833-2618-02AF-25F8-32472C79D2D3}
		{22161EE3-85A2-47E4-956E-6B29ED8B96EB} = {EA648833-2618-02AF-25F8-32472C79D2D3}
	EndGlobalSection
EndGlobal
