
Microsoft Visual Studio Solution File, Format Version 12.00
# Visual Studio Version 17
VisualStudioVersion = 17.0.31903.59
MinimumVisualStudioVersion = 10.0.40219.1
Project("{2150E333-8FDC-42A3-9474-1A3956D46DE8}") = "src", "src", "{827E0CD3-B72D-47B6-A68D-7590B98EB39B}"
EndProject
Project("{2150E333-8FDC-42A3-9474-1A3956D46DE8}") = "Core", "Core", "{8D626EA8-CB54-BC41-363A-217881BEBA6E}"
EndProject
Project("{FAE04EC0-301F-11D3-BF4B-00C04F79EFBC}") = "Xinglin.Core", "src\Core\Xinglin.Core.csproj", "{569AFD8F-E023-4969-8D15-CEDD66CB232B}"
EndProject
Project("{FAE04EC0-301F-11D3-BF4B-00C04F79EFBC}") = "Xinglin.Infrastructure", "src\Infrastructure\Xinglin.Infrastructure.csproj", "{ADFF7CEF-019B-4735-AAFE-4EDD1DA01093}"
EndProject
Project("{FAE04EC0-301F-11D3-BF4B-00C04F79EFBC}") = "Xinglin.Client.WPF", "src\Client.WPF\Xinglin.Client.WPF.csproj", "{F9BDBCA8-187F-4A4A-B981-44BC1ECDE47B}"
EndProject
Project("{FAE04EC0-301F-11D3-BF4B-00C04F79EFBC}") = "Xinglin.Printing.Service", "src\Printing.Service\Xinglin.Printing.Service.csproj", "{36D19E4A-4379-47FD-969B-2C57D394DB9E}"
EndProject
Project("{FAE04EC0-301F-11D3-BF4B-00C04F79EFBC}") = "Xinglin.DataAdapters", "src\DataAdapters\Xinglin.DataAdapters.csproj", "{04D66CFE-9DD4-46A0-86FC-088C6F99B496}"
EndProject
Project("{FAE04EC0-301F-11D3-BF4B-00C04F79EFBC}") = "Xinglin.Server.API", "src\Server.API\Xinglin.Server.API.csproj", "{C6AB59B7-098E-4D80-B2F3-C894B48BEE4C}"
EndProject
Global
	GlobalSection(SolutionConfigurationPlatforms) = preSolution
		Debug|Any CPU = Debug|Any CPU
		Debug|x64 = Debug|x64
		Debug|x86 = Debug|x86
		Release|Any CPU = Release|Any CPU
		Release|x64 = Release|x64
		Release|x86 = Release|x86
	EndGlobalSection
	GlobalSection(ProjectConfigurationPlatforms) = postSolution
		{569AFD8F-E023-4969-8D15-CEDD66CB232B}.Debug|Any CPU.ActiveCfg = Debug|Any CPU
		{569AFD8F-E023-4969-8D15-CEDD66CB232B}.Debug|Any CPU.Build.0 = Debug|Any CPU
		{569AFD8F-E023-4969-8D15-CEDD66CB232B}.Debug|x64.ActiveCfg = Debug|Any CPU
		{569AFD8F-E023-4969-8D15-CEDD66CB232B}.Debug|x64.Build.0 = Debug|Any CPU
		{569AFD8F-E023-4969-8D15-CEDD66CB232B}.Debug|x86.ActiveCfg = Debug|Any CPU
		{569AFD8F-E023-4969-8D15-CEDD66CB232B}.Debug|x86.Build.0 = Debug|Any CPU
		{569AFD8F-E023-4969-8D15-CEDD66CB232B}.Release|Any CPU.ActiveCfg = Release|Any CPU
		{569AFD8F-E023-4969-8D15-CEDD66CB232B}.Release|Any CPU.Build.0 = Release|Any CPU
		{569AFD8F-E023-4969-8D15-CEDD66CB232B}.Release|x64.ActiveCfg = Release|Any CPU
		{569AFD8F-E023-4969-8D15-CEDD66CB232B}.Release|x64.Build.0 = Release|Any CPU
		{569AFD8F-E023-4969-8D15-CEDD66CB232B}.Release|x86.ActiveCfg = Release|Any CPU
		{569AFD8F-E023-4969-8D15-CEDD66CB232B}.Release|x86.Build.0 = Release|Any CPU
		{ADFF7CEF-019B-4735-AAFE-4EDD1DA01093}.Debug|Any CPU.ActiveCfg = Debug|Any CPU
		{ADFF7CEF-019B-4735-AAFE-4EDD1DA01093}.Debug|Any CPU.Build.0 = Debug|Any CPU
		{ADFF7CEF-019B-4735-AAFE-4EDD1DA01093}.Debug|x64.ActiveCfg = Debug|Any CPU
		{ADFF7CEF-019B-4735-AAFE-4EDD1DA01093}.Debug|x64.Build.0 = Debug|Any CPU
		{ADFF7CEF-019B-4735-AAFE-4EDD1DA01093}.Debug|x86.ActiveCfg = Debug|Any CPU
		{ADFF7CEF-019B-4735-AAFE-4EDD1DA01093}.Debug|x86.Build.0 = Debug|Any CPU
		{ADFF7CEF-019B-4735-AAFE-4EDD1DA01093}.Release|Any CPU.ActiveCfg = Release|Any CPU
		{ADFF7CEF-019B-4735-AAFE-4EDD1DA01093}.Release|Any CPU.Build.0 = Release|Any CPU
		{ADFF7CEF-019B-4735-AAFE-4EDD1DA01093}.Release|x64.ActiveCfg = Release|Any CPU
		{ADFF7CEF-019B-4735-AAFE-4EDD1DA01093}.Release|x64.Build.0 = Release|Any CPU
		{ADFF7CEF-019B-4735-AAFE-4EDD1DA01093}.Release|x86.ActiveCfg = Release|Any CPU
		{ADFF7CEF-019B-4735-AAFE-4EDD1DA01093}.Release|x86.Build.0 = Release|Any CPU
		{F9BDBCA8-187F-4A4A-B981-44BC1ECDE47B}.Debug|Any CPU.ActiveCfg = Debug|Any CPU
		{F9BDBCA8-187F-4A4A-B981-44BC1ECDE47B}.Debug|Any CPU.Build.0 = Debug|Any CPU
		{F9BDBCA8-187F-4A4A-B981-44BC1ECDE47B}.Debug|x64.ActiveCfg = Debug|Any CPU
		{F9BDBCA8-187F-4A4A-B981-44BC1ECDE47B}.Debug|x64.Build.0 = Debug|Any CPU
		{F9BDBCA8-187F-4A4A-B981-44BC1ECDE47B}.Debug|x86.ActiveCfg = Debug|Any CPU
		{F9BDBCA8-187F-4A4A-B981-44BC1ECDE47B}.Debug|x86.Build.0 = Debug|Any CPU
		{F9BDBCA8-187F-4A4A-B981-44BC1ECDE47B}.Release|Any CPU.ActiveCfg = Release|Any CPU
		{F9BDBCA8-187F-4A4A-B981-44BC1ECDE47B}.Release|Any CPU.Build.0 = Release|Any CPU
		{F9BDBCA8-187F-4A4A-B981-44BC1ECDE47B}.Release|x64.ActiveCfg = Release|Any CPU
		{F9BDBCA8-187F-4A4A-B981-44BC1ECDE47B}.Release|x64.Build.0 = Release|Any CPU
		{F9BDBCA8-187F-4A4A-B981-44BC1ECDE47B}.Release|x86.ActiveCfg = Release|Any CPU
		{F9BDBCA8-187F-4A4A-B981-44BC1ECDE47B}.Release|x86.Build.0 = Release|Any CPU
		{36D19E4A-4379-47FD-969B-2C57D394DB9E}.Debug|Any CPU.ActiveCfg = Debug|Any CPU
		{36D19E4A-4379-47FD-969B-2C57D394DB9E}.Debug|Any CPU.Build.0 = Debug|Any CPU
		{36D19E4A-4379-47FD-969B-2C57D394DB9E}.Debug|x64.ActiveCfg = Debug|Any CPU
		{36D19E4A-4379-47FD-969B-2C57D394DB9E}.Debug|x64.Build.0 = Debug|Any CPU
		{36D19E4A-4379-47FD-969B-2C57D394DB9E}.Debug|x86.ActiveCfg = Debug|Any CPU
		{36D19E4A-4379-47FD-969B-2C57D394DB9E}.Debug|x86.Build.0 = Debug|Any CPU
		{36D19E4A-4379-47FD-969B-2C57D394DB9E}.Release|Any CPU.ActiveCfg = Release|Any CPU
		{36D19E4A-4379-47FD-969B-2C57D394DB9E}.Release|Any CPU.Build.0 = Release|Any CPU
		{36D19E4A-4379-47FD-969B-2C57D394DB9E}.Release|x64.ActiveCfg = Release|Any CPU
		{36D19E4A-4379-47FD-969B-2C57D394DB9E}.Release|x64.Build.0 = Release|Any CPU
		{36D19E4A-4379-47FD-969B-2C57D394DB9E}.Release|x86.ActiveCfg = Release|Any CPU
		{36D19E4A-4379-47FD-969B-2C57D394DB9E}.Release|x86.Build.0 = Release|Any CPU
		{04D66CFE-9DD4-46A0-86FC-088C6F99B496}.Debug|Any CPU.ActiveCfg = Debug|Any CPU
		{04D66CFE-9DD4-46A0-86FC-088C6F99B496}.Debug|Any CPU.Build.0 = Debug|Any CPU
		{04D66CFE-9DD4-46A0-86FC-088C6F99B496}.Debug|x64.ActiveCfg = Debug|Any CPU
		{04D66CFE-9DD4-46A0-86FC-088C6F99B496}.Debug|x64.Build.0 = Debug|Any CPU
		{04D66CFE-9DD4-46A0-86FC-088C6F99B496}.Debug|x86.ActiveCfg = Debug|Any CPU
		{04D66CFE-9DD4-46A0-86FC-088C6F99B496}.Debug|x86.Build.0 = Debug|Any CPU
		{04D66CFE-9DD4-46A0-86FC-088C6F99B496}.Release|Any CPU.ActiveCfg = Release|Any CPU
		{04D66CFE-9DD4-46A0-86FC-088C6F99B496}.Release|Any CPU.Build.0 = Release|Any CPU
		{04D66CFE-9DD4-46A0-86FC-088C6F99B496}.Release|x64.ActiveCfg = Release|Any CPU
		{04D66CFE-9DD4-46A0-86FC-088C6F99B496}.Release|x64.Build.0 = Release|Any CPU
		{04D66CFE-9DD4-46A0-86FC-088C6F99B496}.Release|x86.ActiveCfg = Release|Any CPU
		{04D66CFE-9DD4-46A0-86FC-088C6F99B496}.Release|x86.Build.0 = Release|Any CPU
		{C6AB59B7-098E-4D80-B2F3-C894B48BEE4C}.Debug|Any CPU.ActiveCfg = Debug|Any CPU
		{C6AB59B7-098E-4D80-B2F3-C894B48BEE4C}.Debug|Any CPU.Build.0 = Debug|Any CPU
		{C6AB59B7-098E-4D80-B2F3-C894B48BEE4C}.Debug|x64.ActiveCfg = Debug|Any CPU
		{C6AB59B7-098E-4D80-B2F3-C894B48BEE4C}.Debug|x64.Build.0 = Debug|Any CPU
		{C6AB59B7-098E-4D80-B2F3-C894B48BEE4C}.Debug|x86.ActiveCfg = Debug|Any CPU
		{C6AB59B7-098E-4D80-B2F3-C894B48BEE4C}.Debug|x86.Build.0 = Debug|Any CPU
		{C6AB59B7-098E-4D80-B2F3-C894B48BEE4C}.Release|Any CPU.ActiveCfg = Release|Any CPU
		{C6AB59B7-098E-4D80-B2F3-C894B48BEE4C}.Release|Any CPU.Build.0 = Release|Any CPU
		{C6AB59B7-098E-4D80-B2F3-C894B48BEE4C}.Release|x64.ActiveCfg = Release|Any CPU
		{C6AB59B7-098E-4D80-B2F3-C894B48BEE4C}.Release|x64.Build.0 = Release|Any CPU
		{C6AB59B7-098E-4D80-B2F3-C894B48BEE4C}.Release|x86.ActiveCfg = Release|Any CPU
		{C6AB59B7-098E-4D80-B2F3-C894B48BEE4C}.Release|x86.Build.0 = Release|Any CPU
	EndGlobalSection
	GlobalSection(SolutionProperties) = preSolution
		HideSolutionNode = FALSE
	EndGlobalSection
	GlobalSection(NestedProjects) = preSolution
		{8D626EA8-CB54-BC41-363A-217881BEBA6E} = {827E0CD3-B72D-47B6-A68D-7590B98EB39B}
		{569AFD8F-E023-4969-8D15-CEDD66CB232B} = {8D626EA8-CB54-BC41-363A-217881BEBA6E}
		{ADFF7CEF-019B-4735-AAFE-4EDD1DA01093} = {8D626EA8-CB54-BC41-363A-217881BEBA6E}
		{F9BDBCA8-187F-4A4A-B981-44BC1ECDE47B} = {8D626EA8-CB54-BC41-363A-217881BEBA6E}
		{36D19E4A-4379-47FD-969B-2C57D394DB9E} = {8D626EA8-CB54-BC41-363A-217881BEBA6E}
		{04D66CFE-9DD4-46A0-86FC-088C6F99B496} = {8D626EA8-CB54-BC41-363A-217881BEBA6E}
		{C6AB59B7-098E-4D80-B2F3-C894B48BEE4C} = {8D626EA8-CB54-BC41-363A-217881BEBA6E}
	EndGlobalSection
EndGlobal
