
Microsoft Visual Studio Solution File, Format Version 12.00
# Visual Studio Version 17
VisualStudioVersion = 17.0.31903.59
MinimumVisualStudioVersion = 10.0.40219.1
Project("{2150E333-8FDC-42A3-9474-1A3956D46DE8}") = "0_共享库", "0_共享库", "{7A5171DA-3759-5F45-6A74-C16DF4BA40C8}"
EndProject
Project("{FAE04EC0-301F-11D3-BF4B-00C04F79EFBC}") = "Xinglin.Common", "0_共享库\Xinglin.Common\Xinglin.Common.csproj", "{19884D69-ABB0-4E5A-B95D-95982DF486E7}"
EndProject
Project("{FAE04EC0-301F-11D3-BF4B-00C04F79EFBC}") = "Xinglin.Infrastructure", "0_共享库\Xinglin.Infrastructure\Xinglin.Infrastructure.csproj", "{D0CD4675-E1B7-4FDB-9062-50BC85325948}"
EndProject
Project("{FAE04EC0-301F-11D3-BF4B-00C04F79EFBC}") = "Xinglin.DataAdapters", "0_共享库\Xinglin.DataAdapters\Xinglin.DataAdapters.csproj", "{2C796F48-1CFE-4064-8594-6087D3D73801}"
EndProject
Project("{FAE04EC0-301F-11D3-BF4B-00C04F79EFBC}") = "Xinglin.Security", "0_共享库\Xinglin.Security\Xinglin.Security.csproj", "{7830CD56-E7F1-43A4-9032-D75D84707B92}"
EndProject
Project("{FAE04EC0-301F-11D3-BF4B-00C04F79EFBC}") = "Xinglin.Core", "0_共享库\Xinglin.Core\Xinglin.Core.csproj", "{647C772E-850D-4995-8981-ABE7C524AFC4}"
EndProject
Project("{2150E333-8FDC-42A3-9474-1A3956D46DE8}") = "1_桌面端", "1_桌面端", "{4DA7BA8C-EF90-6440-5835-E09D1539689E}"
EndProject
Project("{FAE04EC0-301F-11D3-BF4B-00C04F79EFBC}") = "Xinglin.Client.Core", "1_桌面端\Xinglin.Client.Core\Xinglin.Client.Core.csproj", "{24BF50E7-384E-4886-892B-DEBC9E9B6B1B}"
EndProject
Project("{FAE04EC0-301F-11D3-BF4B-00C04F79EFBC}") = "Xinglin.Client.WPF", "1_桌面端\Xinglin.Client.WPF\Xinglin.Client.WPF.csproj", "{8B46EC02-1909-4B01-85B4-87C1B8E2B23E}"
EndProject
Project("{FAE04EC0-301F-11D3-BF4B-00C04F79EFBC}") = "Xinglin.Printing.Service", "1_桌面端\Xinglin.Printing.Service\Xinglin.Printing.Service.csproj", "{A34AF8B2-37EA-4536-9A36-19DB3E7F44B4}"
EndProject
Project("{FAE04EC0-301F-11D3-BF4B-00C04F79EFBC}") = "Xinglin.ReportTemplateEditor.WPF", "1_桌面端\Xinglin.ReportTemplateEditor.WPF\Xinglin.ReportTemplateEditor.WPF.csproj", "{46729888-CD1A-44D9-BFCE-CB48263B09BD}"
EndProject
Global
	GlobalSection(SolutionConfigurationPlatforms) = preSolution
		Debug|Any CPU = Debug|Any CPU
		Debug|x64 = Debug|x64
		Debug|x86 = Debug|x86
		Release|Any CPU = Release|Any CPU
		Release|x64 = Release|x64
		Release|x86 = Release|x86
	EndGlobalSection
	GlobalSection(ProjectConfigurationPlatforms) = postSolution
		{19884D69-ABB0-4E5A-B95D-95982DF486E7}.Debug|Any CPU.ActiveCfg = Debug|Any CPU
		{19884D69-ABB0-4E5A-B95D-95982DF486E7}.Debug|Any CPU.Build.0 = Debug|Any CPU
		{19884D69-ABB0-4E5A-B95D-95982DF486E7}.Debug|x64.ActiveCfg = Debug|Any CPU
		{19884D69-ABB0-4E5A-B95D-95982DF486E7}.Debug|x64.Build.0 = Debug|Any CPU
		{19884D69-ABB0-4E5A-B95D-95982DF486E7}.Debug|x86.ActiveCfg = Debug|Any CPU
		{19884D69-ABB0-4E5A-B95D-95982DF486E7}.Debug|x86.Build.0 = Debug|Any CPU
		{19884D69-ABB0-4E5A-B95D-95982DF486E7}.Release|Any CPU.ActiveCfg = Release|Any CPU
		{19884D69-ABB0-4E5A-B95D-95982DF486E7}.Release|Any CPU.Build.0 = Release|Any CPU
		{19884D69-ABB0-4E5A-B95D-95982DF486E7}.Release|x64.ActiveCfg = Release|Any CPU
		{19884D69-ABB0-4E5A-B95D-95982DF486E7}.Release|x64.Build.0 = Release|Any CPU
		{19884D69-ABB0-4E5A-B95D-95982DF486E7}.Release|x86.ActiveCfg = Release|Any CPU
		{19884D69-ABB0-4E5A-B95D-95982DF486E7}.Release|x86.Build.0 = Release|Any CPU
		{D0CD4675-E1B7-4FDB-9062-50BC85325948}.Debug|Any CPU.ActiveCfg = Debug|Any CPU
		{D0CD4675-E1B7-4FDB-9062-50BC85325948}.Debug|Any CPU.Build.0 = Debug|Any CPU
		{D0CD4675-E1B7-4FDB-9062-50BC85325948}.Debug|x64.ActiveCfg = Debug|Any CPU
		{D0CD4675-E1B7-4FDB-9062-50BC85325948}.Debug|x64.Build.0 = Debug|Any CPU
		{D0CD4675-E1B7-4FDB-9062-50BC85325948}.Debug|x86.ActiveCfg = Debug|Any CPU
		{D0CD4675-E1B7-4FDB-9062-50BC85325948}.Debug|x86.Build.0 = Debug|Any CPU
		{D0CD4675-E1B7-4FDB-9062-50BC85325948}.Release|Any CPU.ActiveCfg = Release|Any CPU
		{D0CD4675-E1B7-4FDB-9062-50BC85325948}.Release|Any CPU.Build.0 = Release|Any CPU
		{D0CD4675-E1B7-4FDB-9062-50BC85325948}.Release|x64.ActiveCfg = Release|Any CPU
		{D0CD4675-E1B7-4FDB-9062-50BC85325948}.Release|x64.Build.0 = Release|Any CPU
		{D0CD4675-E1B7-4FDB-9062-50BC85325948}.Release|x86.ActiveCfg = Release|Any CPU
		{D0CD4675-E1B7-4FDB-9062-50BC85325948}.Release|x86.Build.0 = Release|Any CPU
		{2C796F48-1CFE-4064-8594-6087D3D73801}.Debug|Any CPU.ActiveCfg = Debug|Any CPU
		{2C796F48-1CFE-4064-8594-6087D3D73801}.Debug|Any CPU.Build.0 = Debug|Any CPU
		{2C796F48-1CFE-4064-8594-6087D3D73801}.Debug|x64.ActiveCfg = Debug|Any CPU
		{2C796F48-1CFE-4064-8594-6087D3D73801}.Debug|x64.Build.0 = Debug|Any CPU
		{2C796F48-1CFE-4064-8594-6087D3D73801}.Debug|x86.ActiveCfg = Debug|Any CPU
		{2C796F48-1CFE-4064-8594-6087D3D73801}.Debug|x86.Build.0 = Debug|Any CPU
		{2C796F48-1CFE-4064-8594-6087D3D73801}.Release|Any CPU.ActiveCfg = Release|Any CPU
		{2C796F48-1CFE-4064-8594-6087D3D73801}.Release|Any CPU.Build.0 = Release|Any CPU
		{2C796F48-1CFE-4064-8594-6087D3D73801}.Release|x64.ActiveCfg = Release|Any CPU
		{2C796F48-1CFE-4064-8594-6087D3D73801}.Release|x64.Build.0 = Release|Any CPU
		{2C796F48-1CFE-4064-8594-6087D3D73801}.Release|x86.ActiveCfg = Release|Any CPU
		{2C796F48-1CFE-4064-8594-6087D3D73801}.Release|x86.Build.0 = Release|Any CPU
		{7830CD56-E7F1-43A4-9032-D75D84707B92}.Debug|Any CPU.ActiveCfg = Debug|Any CPU
		{7830CD56-E7F1-43A4-9032-D75D84707B92}.Debug|Any CPU.Build.0 = Debug|Any CPU
		{7830CD56-E7F1-43A4-9032-D75D84707B92}.Debug|x64.ActiveCfg = Debug|Any CPU
		{7830CD56-E7F1-43A4-9032-D75D84707B92}.Debug|x64.Build.0 = Debug|Any CPU
		{7830CD56-E7F1-43A4-9032-D75D84707B92}.Debug|x86.ActiveCfg = Debug|Any CPU
		{7830CD56-E7F1-43A4-9032-D75D84707B92}.Debug|x86.Build.0 = Debug|Any CPU
		{7830CD56-E7F1-43A4-9032-D75D84707B92}.Release|Any CPU.ActiveCfg = Release|Any CPU
		{7830CD56-E7F1-43A4-9032-D75D84707B92}.Release|Any CPU.Build.0 = Release|Any CPU
		{7830CD56-E7F1-43A4-9032-D75D84707B92}.Release|x64.ActiveCfg = Release|Any CPU
		{7830CD56-E7F1-43A4-9032-D75D84707B92}.Release|x64.Build.0 = Release|Any CPU
		{7830CD56-E7F1-43A4-9032-D75D84707B92}.Release|x86.ActiveCfg = Release|Any CPU
		{7830CD56-E7F1-43A4-9032-D75D84707B92}.Release|x86.Build.0 = Release|Any CPU
		{647C772E-850D-4995-8981-ABE7C524AFC4}.Debug|Any CPU.ActiveCfg = Debug|Any CPU
		{647C772E-850D-4995-8981-ABE7C524AFC4}.Debug|Any CPU.Build.0 = Debug|Any CPU
		{647C772E-850D-4995-8981-ABE7C524AFC4}.Debug|x64.ActiveCfg = Debug|Any CPU
		{647C772E-850D-4995-8981-ABE7C524AFC4}.Debug|x64.Build.0 = Debug|Any CPU
		{647C772E-850D-4995-8981-ABE7C524AFC4}.Debug|x86.ActiveCfg = Debug|Any CPU
		{647C772E-850D-4995-8981-ABE7C524AFC4}.Debug|x86.Build.0 = Debug|Any CPU
		{647C772E-850D-4995-8981-ABE7C524AFC4}.Release|Any CPU.ActiveCfg = Release|Any CPU
		{647C772E-850D-4995-8981-ABE7C524AFC4}.Release|Any CPU.Build.0 = Release|Any CPU
		{647C772E-850D-4995-8981-ABE7C524AFC4}.Release|x64.ActiveCfg = Release|Any CPU
		{647C772E-850D-4995-8981-ABE7C524AFC4}.Release|x64.Build.0 = Release|Any CPU
		{647C772E-850D-4995-8981-ABE7C524AFC4}.Release|x86.ActiveCfg = Release|Any CPU
		{647C772E-850D-4995-8981-ABE7C524AFC4}.Release|x86.Build.0 = Release|Any CPU
		{24BF50E7-384E-4886-892B-DEBC9E9B6B1B}.Debug|Any CPU.ActiveCfg = Debug|Any CPU
		{24BF50E7-384E-4886-892B-DEBC9E9B6B1B}.Debug|Any CPU.Build.0 = Debug|Any CPU
		{24BF50E7-384E-4886-892B-DEBC9E9B6B1B}.Debug|x64.ActiveCfg = Debug|Any CPU
		{24BF50E7-384E-4886-892B-DEBC9E9B6B1B}.Debug|x64.Build.0 = Debug|Any CPU
		{24BF50E7-384E-4886-892B-DEBC9E9B6B1B}.Debug|x86.ActiveCfg = Debug|Any CPU
		{24BF50E7-384E-4886-892B-DEBC9E9B6B1B}.Debug|x86.Build.0 = Debug|Any CPU
		{24BF50E7-384E-4886-892B-DEBC9E9B6B1B}.Release|Any CPU.ActiveCfg = Release|Any CPU
		{24BF50E7-384E-4886-892B-DEBC9E9B6B1B}.Release|Any CPU.Build.0 = Release|Any CPU
		{24BF50E7-384E-4886-892B-DEBC9E9B6B1B}.Release|x64.ActiveCfg = Release|Any CPU
		{24BF50E7-384E-4886-892B-DEBC9E9B6B1B}.Release|x64.Build.0 = Release|Any CPU
		{24BF50E7-384E-4886-892B-DEBC9E9B6B1B}.Release|x86.ActiveCfg = Release|Any CPU
		{24BF50E7-384E-4886-892B-DEBC9E9B6B1B}.Release|x86.Build.0 = Release|Any CPU
		{8B46EC02-1909-4B01-85B4-87C1B8E2B23E}.Debug|Any CPU.ActiveCfg = Debug|Any CPU
		{8B46EC02-1909-4B01-85B4-87C1B8E2B23E}.Debug|Any CPU.Build.0 = Debug|Any CPU
		{8B46EC02-1909-4B01-85B4-87C1B8E2B23E}.Debug|x64.ActiveCfg = Debug|Any CPU
		{8B46EC02-1909-4B01-85B4-87C1B8E2B23E}.Debug|x64.Build.0 = Debug|Any CPU
		{8B46EC02-1909-4B01-85B4-87C1B8E2B23E}.Debug|x86.ActiveCfg = Debug|Any CPU
		{8B46EC02-1909-4B01-85B4-87C1B8E2B23E}.Debug|x86.Build.0 = Debug|Any CPU
		{8B46EC02-1909-4B01-85B4-87C1B8E2B23E}.Release|Any CPU.ActiveCfg = Release|Any CPU
		{8B46EC02-1909-4B01-85B4-87C1B8E2B23E}.Release|Any CPU.Build.0 = Release|Any CPU
		{8B46EC02-1909-4B01-85B4-87C1B8E2B23E}.Release|x64.ActiveCfg = Release|Any CPU
		{8B46EC02-1909-4B01-85B4-87C1B8E2B23E}.Release|x64.Build.0 = Release|Any CPU
		{8B46EC02-1909-4B01-85B4-87C1B8E2B23E}.Release|x86.ActiveCfg = Release|Any CPU
		{8B46EC02-1909-4B01-85B4-87C1B8E2B23E}.Release|x86.Build.0 = Release|Any CPU
		{A34AF8B2-37EA-4536-9A36-19DB3E7F44B4}.Debug|Any CPU.ActiveCfg = Debug|Any CPU
		{A34AF8B2-37EA-4536-9A36-19DB3E7F44B4}.Debug|Any CPU.Build.0 = Debug|Any CPU
		{A34AF8B2-37EA-4536-9A36-19DB3E7F44B4}.Debug|x64.ActiveCfg = Debug|Any CPU
		{A34AF8B2-37EA-4536-9A36-19DB3E7F44B4}.Debug|x64.Build.0 = Debug|Any CPU
		{A34AF8B2-37EA-4536-9A36-19DB3E7F44B4}.Debug|x86.ActiveCfg = Debug|Any CPU
		{A34AF8B2-37EA-4536-9A36-19DB3E7F44B4}.Debug|x86.Build.0 = Debug|Any CPU
		{A34AF8B2-37EA-4536-9A36-19DB3E7F44B4}.Release|Any CPU.ActiveCfg = Release|Any CPU
		{A34AF8B2-37EA-4536-9A36-19DB3E7F44B4}.Release|Any CPU.Build.0 = Release|Any CPU
		{A34AF8B2-37EA-4536-9A36-19DB3E7F44B4}.Release|x64.ActiveCfg = Release|Any CPU
		{A34AF8B2-37EA-4536-9A36-19DB3E7F44B4}.Release|x64.Build.0 = Release|Any CPU
		{A34AF8B2-37EA-4536-9A36-19DB3E7F44B4}.Release|x86.ActiveCfg = Release|Any CPU
		{A34AF8B2-37EA-4536-9A36-19DB3E7F44B4}.Release|x86.Build.0 = Release|Any CPU
		{46729888-CD1A-44D9-BFCE-CB48263B09BD}.Debug|Any CPU.ActiveCfg = Debug|Any CPU
		{46729888-CD1A-44D9-BFCE-CB48263B09BD}.Debug|Any CPU.Build.0 = Debug|Any CPU
		{46729888-CD1A-44D9-BFCE-CB48263B09BD}.Debug|x64.ActiveCfg = Debug|Any CPU
		{46729888-CD1A-44D9-BFCE-CB48263B09BD}.Debug|x64.Build.0 = Debug|Any CPU
		{46729888-CD1A-44D9-BFCE-CB48263B09BD}.Debug|x86.ActiveCfg = Debug|Any CPU
		{46729888-CD1A-44D9-BFCE-CB48263B09BD}.Debug|x86.Build.0 = Debug|Any CPU
		{46729888-CD1A-44D9-BFCE-CB48263B09BD}.Release|Any CPU.ActiveCfg = Release|Any CPU
		{46729888-CD1A-44D9-BFCE-CB48263B09BD}.Release|Any CPU.Build.0 = Release|Any CPU
		{46729888-CD1A-44D9-BFCE-CB48263B09BD}.Release|x64.ActiveCfg = Release|Any CPU
		{46729888-CD1A-44D9-BFCE-CB48263B09BD}.Release|x64.Build.0 = Release|Any CPU
		{46729888-CD1A-44D9-BFCE-CB48263B09BD}.Release|x86.ActiveCfg = Release|Any CPU
		{46729888-CD1A-44D9-BFCE-CB48263B09BD}.Release|x86.Build.0 = Release|Any CPU
	EndGlobalSection
	GlobalSection(SolutionProperties) = preSolution
		HideSolutionNode = FALSE
	EndGlobalSection
	GlobalSection(NestedProjects) = preSolution
		{19884D69-ABB0-4E5A-B95D-95982DF486E7} = {7A5171DA-3759-5F45-6A74-C16DF4BA40C8}
		{D0CD4675-E1B7-4FDB-9062-50BC85325948} = {7A5171DA-3759-5F45-6A74-C16DF4BA40C8}
		{2C796F48-1CFE-4064-8594-6087D3D73801} = {7A5171DA-3759-5F45-6A74-C16DF4BA40C8}
		{7830CD56-E7F1-43A4-9032-D75D84707B92} = {7A5171DA-3759-5F45-6A74-C16DF4BA40C8}
		{647C772E-850D-4995-8981-ABE7C524AFC4} = {7A5171DA-3759-5F45-6A74-C16DF4BA40C8}
		{24BF50E7-384E-4886-892B-DEBC9E9B6B1B} = {4DA7BA8C-EF90-6440-5835-E09D1539689E}
		{8B46EC02-1909-4B01-85B4-87C1B8E2B23E} = {4DA7BA8C-EF90-6440-5835-E09D1539689E}
		{A34AF8B2-37EA-4536-9A36-19DB3E7F44B4} = {4DA7BA8C-EF90-6440-5835-E09D1539689E}
		{46729888-CD1A-44D9-BFCE-CB48263B09BD} = {4DA7BA8C-EF90-6440-5835-E09D1539689E}
	EndGlobalSection
EndGlobal
