
Microsoft Visual Studio Solution File, Format Version 12.00
# Visual Studio Version 17
VisualStudioVersion = 17.0.31903.59
MinimumVisualStudioVersion = 10.0.40219.1
Project("{2150E333-8FDC-42A3-9474-1A3956D46DE8}") = "0_共享库", "0_共享库", "{7A5171DA-3759-5F45-6A74-C16DF4BA40C8}"
EndProject
Project("{FAE04EC0-301F-11D3-BF4B-00C04F79EFBC}") = "Xinglin.Common", "0_共享库\Xinglin.Common\Xinglin.Common.csproj", "{7ADA8559-966E-43C8-A772-B12CA0FFA965}"
EndProject
Project("{FAE04EC0-301F-11D3-BF4B-00C04F79EFBC}") = "Xinglin.Infrastructure", "0_共享库\Xinglin.Infrastructure\Xinglin.Infrastructure.csproj", "{B1846E4A-F398-4D19-90CA-B5F1B76C8EDA}"
EndProject
Project("{2150E333-8FDC-42A3-9474-1A3956D46DE8}") = "2_内网服务端", "2_内网服务端", "{10766400-0DEC-FA5D-DA36-536DB4C8C2F3}"
EndProject
Project("{FAE04EC0-301F-11D3-BF4B-00C04F79EFBC}") = "Xinglin.Server.Internal", "2_内网服务端\Xinglin.Server.Internal\Xinglin.Server.Internal.csproj", "{639D0907-5565-450A-9E9C-B3AF17BE04C4}"
EndProject
Project("{FAE04EC0-301F-11D3-BF4B-00C04F79EFBC}") = "Xinglin.Server.Internal.Core", "2_内网服务端\Xinglin.Server.Internal.Core\Xinglin.Server.Internal.Core.csproj", "{2550FFD7-A094-45E0-80DB-BF34A0AF435B}"
EndProject
Project("{FAE04EC0-301F-11D3-BF4B-00C04F79EFBC}") = "Xinglin.Server.Internal.API", "2_内网服务端\Xinglin.Server.Internal.API\Xinglin.Server.Internal.API.csproj", "{841B5FBE-822F-4A18-ACFE-51143A800503}"
EndProject
Project("{2150E333-8FDC-42A3-9474-1A3956D46DE8}") = "9_测试", "9_测试", "{EA648833-2618-02AF-25F8-32472C79D2D3}"
EndProject
Project("{FAE04EC0-301F-11D3-BF4B-00C04F79EFBC}") = "Xinglin.Server.External.Tests", "9_测试\Xinglin.Server.External.Tests\Xinglin.Server.External.Tests.csproj", "{29F97260-6C28-4872-AF6B-EDC0C53BEB6B}"
EndProject
Project("{FAE04EC0-301F-11D3-BF4B-00C04F79EFBC}") = "Xinglin.Server.Master.Tests", "9_测试\Xinglin.Server.Master.Tests\Xinglin.Server.Master.Tests.csproj", "{373CA5B3-87AB-4ECC-B09E-45BDEA3A35B8}"
EndProject
Project("{FAE04EC0-301F-11D3-BF4B-00C04F79EFBC}") = "Xinglin.Core.Tests", "9_测试\Xinglin.Core.Tests\Xinglin.Core.Tests.csproj", "{CDBE4FD3-966D-4E36-A4B7-227AD318EC02}"
EndProject
Project("{FAE04EC0-301F-11D3-BF4B-00C04F79EFBC}") = "Xinglin.Client.Tests", "9_测试\Xinglin.Client.Tests\Xinglin.Client.Tests.csproj", "{7F1B6CB5-7176-4EDF-91EE-057ED48DF8B6}"
EndProject
Project("{FAE04EC0-301F-11D3-BF4B-00C04F79EFBC}") = "Xinglin.Server.Internal.Tests", "9_测试\Xinglin.Server.Internal.Tests\Xinglin.Server.Internal.Tests.csproj", "{66C24024-01EE-4AB4-886A-E6079908C0EA}"
EndProject
Project("{2150E333-8FDC-42A3-9474-1A3956D46DE8}") = "4_总控端", "4_总控端", "{B2D46413-16AF-5FF0-9D29-8249F75F3513}"
EndProject
Project("{FAE04EC0-301F-11D3-BF4B-00C04F79EFBC}") = "Xinglin.Server.Master", "4_总控端\Xinglin.Server.Master\Xinglin.Server.Master.csproj", "{4B76B3FC-DBE6-4652-BC0E-A9DE2BA7D27B}"
EndProject
Project("{FAE04EC0-301F-11D3-BF4B-00C04F79EFBC}") = "Xinglin.Server.Master.Core", "4_总控端\Xinglin.Server.Master.Core\Xinglin.Server.Master.Core.csproj", "{92CE3C81-3E36-41F6-8E0F-A0A2AECDDB5F}"
EndProject
Project("{FAE04EC0-301F-11D3-BF4B-00C04F79EFBC}") = "Xinglin.Server.Master.API", "4_总控端\Xinglin.Server.Master.API\Xinglin.Server.Master.API.csproj", "{B6997C60-1816-4621-B904-7A266CC8D76C}"
EndProject
Project("{FAE04EC0-301F-11D3-BF4B-00C04F79EFBC}") = "Xinglin.Server.Master.Library", "4_总控端\Xinglin.Server.Master.Library\Xinglin.Server.Master.Library.csproj", "{45EBA03B-9ED4-43AF-AB4C-317294307A84}"
EndProject
Project("{FAE04EC0-301F-11D3-BF4B-00C04F79EFBC}") = "Xinglin.DataAdapters", "0_共享库\Xinglin.DataAdapters\Xinglin.DataAdapters.csproj", "{B0AF534D-5729-4185-BB73-E08FB9E480A2}"
EndProject
Project("{FAE04EC0-301F-11D3-BF4B-00C04F79EFBC}") = "Xinglin.Security", "0_共享库\Xinglin.Security\Xinglin.Security.csproj", "{D508E3AE-5B15-456E-84F0-82FE2DF54D6E}"
EndProject
Project("{2150E333-8FDC-42A3-9474-1A3956D46DE8}") = "3_外网服务端", "3_外网服务端", "{716D48DD-3099-74DA-CD67-AB07FB69BE87}"
EndProject
Project("{FAE04EC0-301F-11D3-BF4B-00C04F79EFBC}") = "Xinglin.Server.External.API", "3_外网服务端\Xinglin.Server.External.API\Xinglin.Server.External.API.csproj", "{1552CE9F-060E-460B-B243-4B1DC02CD6E6}"
EndProject
Global
	GlobalSection(SolutionConfigurationPlatforms) = preSolution
		Debug|Any CPU = Debug|Any CPU
		Debug|x64 = Debug|x64
		Debug|x86 = Debug|x86
		Release|Any CPU = Release|Any CPU
		Release|x64 = Release|x64
		Release|x86 = Release|x86
	EndGlobalSection
	GlobalSection(ProjectConfigurationPlatforms) = postSolution
		{7ADA8559-966E-43C8-A772-B12CA0FFA965}.Debug|Any CPU.ActiveCfg = Debug|Any CPU
		{7ADA8559-966E-43C8-A772-B12CA0FFA965}.Debug|Any CPU.Build.0 = Debug|Any CPU
		{7ADA8559-966E-43C8-A772-B12CA0FFA965}.Debug|x64.ActiveCfg = Debug|Any CPU
		{7ADA8559-966E-43C8-A772-B12CA0FFA965}.Debug|x64.Build.0 = Debug|Any CPU
		{7ADA8559-966E-43C8-A772-B12CA0FFA965}.Debug|x86.ActiveCfg = Debug|Any CPU
		{7ADA8559-966E-43C8-A772-B12CA0FFA965}.Debug|x86.Build.0 = Debug|Any CPU
		{7ADA8559-966E-43C8-A772-B12CA0FFA965}.Release|Any CPU.ActiveCfg = Release|Any CPU
		{7ADA8559-966E-43C8-A772-B12CA0FFA965}.Release|Any CPU.Build.0 = Release|Any CPU
		{7ADA8559-966E-43C8-A772-B12CA0FFA965}.Release|x64.ActiveCfg = Release|Any CPU
		{7ADA8559-966E-43C8-A772-B12CA0FFA965}.Release|x64.Build.0 = Release|Any CPU
		{7ADA8559-966E-43C8-A772-B12CA0FFA965}.Release|x86.ActiveCfg = Release|Any CPU
		{7ADA8559-966E-43C8-A772-B12CA0FFA965}.Release|x86.Build.0 = Release|Any CPU
		{B1846E4A-F398-4D19-90CA-B5F1B76C8EDA}.Debug|Any CPU.ActiveCfg = Debug|Any CPU
		{B1846E4A-F398-4D19-90CA-B5F1B76C8EDA}.Debug|Any CPU.Build.0 = Debug|Any CPU
		{B1846E4A-F398-4D19-90CA-B5F1B76C8EDA}.Debug|x64.ActiveCfg = Debug|Any CPU
		{B1846E4A-F398-4D19-90CA-B5F1B76C8EDA}.Debug|x64.Build.0 = Debug|Any CPU
		{B1846E4A-F398-4D19-90CA-B5F1B76C8EDA}.Debug|x86.ActiveCfg = Debug|Any CPU
		{B1846E4A-F398-4D19-90CA-B5F1B76C8EDA}.Debug|x86.Build.0 = Debug|Any CPU
		{B1846E4A-F398-4D19-90CA-B5F1B76C8EDA}.Release|Any CPU.ActiveCfg = Release|Any CPU
		{B1846E4A-F398-4D19-90CA-B5F1B76C8EDA}.Release|Any CPU.Build.0 = Release|Any CPU
		{B1846E4A-F398-4D19-90CA-B5F1B76C8EDA}.Release|x64.ActiveCfg = Release|Any CPU
		{B1846E4A-F398-4D19-90CA-B5F1B76C8EDA}.Release|x64.Build.0 = Release|Any CPU
		{B1846E4A-F398-4D19-90CA-B5F1B76C8EDA}.Release|x86.ActiveCfg = Release|Any CPU
		{B1846E4A-F398-4D19-90CA-B5F1B76C8EDA}.Release|x86.Build.0 = Release|Any CPU
		{639D0907-5565-450A-9E9C-B3AF17BE04C4}.Debug|Any CPU.ActiveCfg = Debug|Any CPU
		{639D0907-5565-450A-9E9C-B3AF17BE04C4}.Debug|Any CPU.Build.0 = Debug|Any CPU
		{639D0907-5565-450A-9E9C-B3AF17BE04C4}.Debug|x64.ActiveCfg = Debug|Any CPU
		{639D0907-5565-450A-9E9C-B3AF17BE04C4}.Debug|x64.Build.0 = Debug|Any CPU
		{639D0907-5565-450A-9E9C-B3AF17BE04C4}.Debug|x86.ActiveCfg = Debug|Any CPU
		{639D0907-5565-450A-9E9C-B3AF17BE04C4}.Debug|x86.Build.0 = Debug|Any CPU
		{639D0907-5565-450A-9E9C-B3AF17BE04C4}.Release|Any CPU.ActiveCfg = Release|Any CPU
		{639D0907-5565-450A-9E9C-B3AF17BE04C4}.Release|Any CPU.Build.0 = Release|Any CPU
		{639D0907-5565-450A-9E9C-B3AF17BE04C4}.Release|x64.ActiveCfg = Release|Any CPU
		{639D0907-5565-450A-9E9C-B3AF17BE04C4}.Release|x64.Build.0 = Release|Any CPU
		{639D0907-5565-450A-9E9C-B3AF17BE04C4}.Release|x86.ActiveCfg = Release|Any CPU
		{639D0907-5565-450A-9E9C-B3AF17BE04C4}.Release|x86.Build.0 = Release|Any CPU
		{2550FFD7-A094-45E0-80DB-BF34A0AF435B}.Debug|Any CPU.ActiveCfg = Debug|Any CPU
		{2550FFD7-A094-45E0-80DB-BF34A0AF435B}.Debug|Any CPU.Build.0 = Debug|Any CPU
		{2550FFD7-A094-45E0-80DB-BF34A0AF435B}.Debug|x64.ActiveCfg = Debug|Any CPU
		{2550FFD7-A094-45E0-80DB-BF34A0AF435B}.Debug|x64.Build.0 = Debug|Any CPU
		{2550FFD7-A094-45E0-80DB-BF34A0AF435B}.Debug|x86.ActiveCfg = Debug|Any CPU
		{2550FFD7-A094-45E0-80DB-BF34A0AF435B}.Debug|x86.Build.0 = Debug|Any CPU
		{2550FFD7-A094-45E0-80DB-BF34A0AF435B}.Release|Any CPU.ActiveCfg = Release|Any CPU
		{2550FFD7-A094-45E0-80DB-BF34A0AF435B}.Release|Any CPU.Build.0 = Release|Any CPU
		{2550FFD7-A094-45E0-80DB-BF34A0AF435B}.Release|x64.ActiveCfg = Release|Any CPU
		{2550FFD7-A094-45E0-80DB-BF34A0AF435B}.Release|x64.Build.0 = Release|Any CPU
		{2550FFD7-A094-45E0-80DB-BF34A0AF435B}.Release|x86.ActiveCfg = Release|Any CPU
		{2550FFD7-A094-45E0-80DB-BF34A0AF435B}.Release|x86.Build.0 = Release|Any CPU
		{841B5FBE-822F-4A18-ACFE-51143A800503}.Debug|Any CPU.ActiveCfg = Debug|Any CPU
		{841B5FBE-822F-4A18-ACFE-51143A800503}.Debug|Any CPU.Build.0 = Debug|Any CPU
		{841B5FBE-822F-4A18-ACFE-51143A800503}.Debug|x64.ActiveCfg = Debug|Any CPU
		{841B5FBE-822F-4A18-ACFE-51143A800503}.Debug|x64.Build.0 = Debug|Any CPU
		{841B5FBE-822F-4A18-ACFE-51143A800503}.Debug|x86.ActiveCfg = Debug|Any CPU
		{841B5FBE-822F-4A18-ACFE-51143A800503}.Debug|x86.Build.0 = Debug|Any CPU
		{841B5FBE-822F-4A18-ACFE-51143A800503}.Release|Any CPU.ActiveCfg = Release|Any CPU
		{841B5FBE-822F-4A18-ACFE-51143A800503}.Release|Any CPU.Build.0 = Release|Any CPU
		{841B5FBE-822F-4A18-ACFE-51143A800503}.Release|x64.ActiveCfg = Release|Any CPU
		{841B5FBE-822F-4A18-ACFE-51143A800503}.Release|x64.Build.0 = Release|Any CPU
		{841B5FBE-822F-4A18-ACFE-51143A800503}.Release|x86.ActiveCfg = Release|Any CPU
		{841B5FBE-822F-4A18-ACFE-51143A800503}.Release|x86.Build.0 = Release|Any CPU
		{29F97260-6C28-4872-AF6B-EDC0C53BEB6B}.Debug|Any CPU.ActiveCfg = Debug|Any CPU
		{29F97260-6C28-4872-AF6B-EDC0C53BEB6B}.Debug|Any CPU.Build.0 = Debug|Any CPU
		{29F97260-6C28-4872-AF6B-EDC0C53BEB6B}.Debug|x64.ActiveCfg = Debug|Any CPU
		{29F97260-6C28-4872-AF6B-EDC0C53BEB6B}.Debug|x64.Build.0 = Debug|Any CPU
		{29F97260-6C28-4872-AF6B-EDC0C53BEB6B}.Debug|x86.ActiveCfg = Debug|Any CPU
		{29F97260-6C28-4872-AF6B-EDC0C53BEB6B}.Debug|x86.Build.0 = Debug|Any CPU
		{29F97260-6C28-4872-AF6B-EDC0C53BEB6B}.Release|Any CPU.ActiveCfg = Release|Any CPU
		{29F97260-6C28-4872-AF6B-EDC0C53BEB6B}.Release|Any CPU.Build.0 = Release|Any CPU
		{29F97260-6C28-4872-AF6B-EDC0C53BEB6B}.Release|x64.ActiveCfg = Release|Any CPU
		{29F97260-6C28-4872-AF6B-EDC0C53BEB6B}.Release|x64.Build.0 = Release|Any CPU
		{29F97260-6C28-4872-AF6B-EDC0C53BEB6B}.Release|x86.ActiveCfg = Release|Any CPU
		{29F97260-6C28-4872-AF6B-EDC0C53BEB6B}.Release|x86.Build.0 = Release|Any CPU
		{373CA5B3-87AB-4ECC-B09E-45BDEA3A35B8}.Debug|Any CPU.ActiveCfg = Debug|Any CPU
		{373CA5B3-87AB-4ECC-B09E-45BDEA3A35B8}.Debug|Any CPU.Build.0 = Debug|Any CPU
		{373CA5B3-87AB-4ECC-B09E-45BDEA3A35B8}.Debug|x64.ActiveCfg = Debug|Any CPU
		{373CA5B3-87AB-4ECC-B09E-45BDEA3A35B8}.Debug|x64.Build.0 = Debug|Any CPU
		{373CA5B3-87AB-4ECC-B09E-45BDEA3A35B8}.Debug|x86.ActiveCfg = Debug|Any CPU
		{373CA5B3-87AB-4ECC-B09E-45BDEA3A35B8}.Debug|x86.Build.0 = Debug|Any CPU
		{373CA5B3-87AB-4ECC-B09E-45BDEA3A35B8}.Release|Any CPU.ActiveCfg = Release|Any CPU
		{373CA5B3-87AB-4ECC-B09E-45BDEA3A35B8}.Release|Any CPU.Build.0 = Release|Any CPU
		{373CA5B3-87AB-4ECC-B09E-45BDEA3A35B8}.Release|x64.ActiveCfg = Release|Any CPU
		{373CA5B3-87AB-4ECC-B09E-45BDEA3A35B8}.Release|x64.Build.0 = Release|Any CPU
		{373CA5B3-87AB-4ECC-B09E-45BDEA3A35B8}.Release|x86.ActiveCfg = Release|Any CPU
		{373CA5B3-87AB-4ECC-B09E-45BDEA3A35B8}.Release|x86.Build.0 = Release|Any CPU
		{CDBE4FD3-966D-4E36-A4B7-227AD318EC02}.Debug|Any CPU.ActiveCfg = Debug|Any CPU
		{CDBE4FD3-966D-4E36-A4B7-227AD318EC02}.Debug|Any CPU.Build.0 = Debug|Any CPU
		{CDBE4FD3-966D-4E36-A4B7-227AD318EC02}.Debug|x64.ActiveCfg = Debug|Any CPU
		{CDBE4FD3-966D-4E36-A4B7-227AD318EC02}.Debug|x64.Build.0 = Debug|Any CPU
		{CDBE4FD3-966D-4E36-A4B7-227AD318EC02}.Debug|x86.ActiveCfg = Debug|Any CPU
		{CDBE4FD3-966D-4E36-A4B7-227AD318EC02}.Debug|x86.Build.0 = Debug|Any CPU
		{CDBE4FD3-966D-4E36-A4B7-227AD318EC02}.Release|Any CPU.ActiveCfg = Release|Any CPU
		{CDBE4FD3-966D-4E36-A4B7-227AD318EC02}.Release|Any CPU.Build.0 = Release|Any CPU
		{CDBE4FD3-966D-4E36-A4B7-227AD318EC02}.Release|x64.ActiveCfg = Release|Any CPU
		{CDBE4FD3-966D-4E36-A4B7-227AD318EC02}.Release|x64.Build.0 = Release|Any CPU
		{CDBE4FD3-966D-4E36-A4B7-227AD318EC02}.Release|x86.ActiveCfg = Release|Any CPU
		{CDBE4FD3-966D-4E36-A4B7-227AD318EC02}.Release|x86.Build.0 = Release|Any CPU
		{7F1B6CB5-7176-4EDF-91EE-057ED48DF8B6}.Debug|Any CPU.ActiveCfg = Debug|Any CPU
		{7F1B6CB5-7176-4EDF-91EE-057ED48DF8B6}.Debug|Any CPU.Build.0 = Debug|Any CPU
		{7F1B6CB5-7176-4EDF-91EE-057ED48DF8B6}.Debug|x64.ActiveCfg = Debug|Any CPU
		{7F1B6CB5-7176-4EDF-91EE-057ED48DF8B6}.Debug|x64.Build.0 = Debug|Any CPU
		{7F1B6CB5-7176-4EDF-91EE-057ED48DF8B6}.Debug|x86.ActiveCfg = Debug|Any CPU
		{7F1B6CB5-7176-4EDF-91EE-057ED48DF8B6}.Debug|x86.Build.0 = Debug|Any CPU
		{7F1B6CB5-7176-4EDF-91EE-057ED48DF8B6}.Release|Any CPU.ActiveCfg = Release|Any CPU
		{7F1B6CB5-7176-4EDF-91EE-057ED48DF8B6}.Release|Any CPU.Build.0 = Release|Any CPU
		{7F1B6CB5-7176-4EDF-91EE-057ED48DF8B6}.Release|x64.ActiveCfg = Release|Any CPU
		{7F1B6CB5-7176-4EDF-91EE-057ED48DF8B6}.Release|x64.Build.0 = Release|Any CPU
		{7F1B6CB5-7176-4EDF-91EE-057ED48DF8B6}.Release|x86.ActiveCfg = Release|Any CPU
		{7F1B6CB5-7176-4EDF-91EE-057ED48DF8B6}.Release|x86.Build.0 = Release|Any CPU
		{66C24024-01EE-4AB4-886A-E6079908C0EA}.Debug|Any CPU.ActiveCfg = Debug|Any CPU
		{66C24024-01EE-4AB4-886A-E6079908C0EA}.Debug|Any CPU.Build.0 = Debug|Any CPU
		{66C24024-01EE-4AB4-886A-E6079908C0EA}.Debug|x64.ActiveCfg = Debug|Any CPU
		{66C24024-01EE-4AB4-886A-E6079908C0EA}.Debug|x64.Build.0 = Debug|Any CPU
		{66C24024-01EE-4AB4-886A-E6079908C0EA}.Debug|x86.ActiveCfg = Debug|Any CPU
		{66C24024-01EE-4AB4-886A-E6079908C0EA}.Debug|x86.Build.0 = Debug|Any CPU
		{66C24024-01EE-4AB4-886A-E6079908C0EA}.Release|Any CPU.ActiveCfg = Release|Any CPU
		{66C24024-01EE-4AB4-886A-E6079908C0EA}.Release|Any CPU.Build.0 = Release|Any CPU
		{66C24024-01EE-4AB4-886A-E6079908C0EA}.Release|x64.ActiveCfg = Release|Any CPU
		{66C24024-01EE-4AB4-886A-E6079908C0EA}.Release|x64.Build.0 = Release|Any CPU
		{66C24024-01EE-4AB4-886A-E6079908C0EA}.Release|x86.ActiveCfg = Release|Any CPU
		{66C24024-01EE-4AB4-886A-E6079908C0EA}.Release|x86.Build.0 = Release|Any CPU
		{4B76B3FC-DBE6-4652-BC0E-A9DE2BA7D27B}.Debug|Any CPU.ActiveCfg = Debug|Any CPU
		{4B76B3FC-DBE6-4652-BC0E-A9DE2BA7D27B}.Debug|Any CPU.Build.0 = Debug|Any CPU
		{4B76B3FC-DBE6-4652-BC0E-A9DE2BA7D27B}.Debug|x64.ActiveCfg = Debug|Any CPU
		{4B76B3FC-DBE6-4652-BC0E-A9DE2BA7D27B}.Debug|x64.Build.0 = Debug|Any CPU
		{4B76B3FC-DBE6-4652-BC0E-A9DE2BA7D27B}.Debug|x86.ActiveCfg = Debug|Any CPU
		{4B76B3FC-DBE6-4652-BC0E-A9DE2BA7D27B}.Debug|x86.Build.0 = Debug|Any CPU
		{4B76B3FC-DBE6-4652-BC0E-A9DE2BA7D27B}.Release|Any CPU.ActiveCfg = Release|Any CPU
		{4B76B3FC-DBE6-4652-BC0E-A9DE2BA7D27B}.Release|Any CPU.Build.0 = Release|Any CPU
		{4B76B3FC-DBE6-4652-BC0E-A9DE2BA7D27B}.Release|x64.ActiveCfg = Release|Any CPU
		{4B76B3FC-DBE6-4652-BC0E-A9DE2BA7D27B}.Release|x64.Build.0 = Release|Any CPU
		{4B76B3FC-DBE6-4652-BC0E-A9DE2BA7D27B}.Release|x86.ActiveCfg = Release|Any CPU
		{4B76B3FC-DBE6-4652-BC0E-A9DE2BA7D27B}.Release|x86.Build.0 = Release|Any CPU
		{92CE3C81-3E36-41F6-8E0F-A0A2AECDDB5F}.Debug|Any CPU.ActiveCfg = Debug|Any CPU
		{92CE3C81-3E36-41F6-8E0F-A0A2AECDDB5F}.Debug|Any CPU.Build.0 = Debug|Any CPU
		{92CE3C81-3E36-41F6-8E0F-A0A2AECDDB5F}.Debug|x64.ActiveCfg = Debug|Any CPU
		{92CE3C81-3E36-41F6-8E0F-A0A2AECDDB5F}.Debug|x64.Build.0 = Debug|Any CPU
		{92CE3C81-3E36-41F6-8E0F-A0A2AECDDB5F}.Debug|x86.ActiveCfg = Debug|Any CPU
		{92CE3C81-3E36-41F6-8E0F-A0A2AECDDB5F}.Debug|x86.Build.0 = Debug|Any CPU
		{92CE3C81-3E36-41F6-8E0F-A0A2AECDDB5F}.Release|Any CPU.ActiveCfg = Release|Any CPU
		{92CE3C81-3E36-41F6-8E0F-A0A2AECDDB5F}.Release|Any CPU.Build.0 = Release|Any CPU
		{92CE3C81-3E36-41F6-8E0F-A0A2AECDDB5F}.Release|x64.ActiveCfg = Release|Any CPU
		{92CE3C81-3E36-41F6-8E0F-A0A2AECDDB5F}.Release|x64.Build.0 = Release|Any CPU
		{92CE3C81-3E36-41F6-8E0F-A0A2AECDDB5F}.Release|x86.ActiveCfg = Release|Any CPU
		{92CE3C81-3E36-41F6-8E0F-A0A2AECDDB5F}.Release|x86.Build.0 = Release|Any CPU
		{B6997C60-1816-4621-B904-7A266CC8D76C}.Debug|Any CPU.ActiveCfg = Debug|Any CPU
		{B6997C60-1816-4621-B904-7A266CC8D76C}.Debug|Any CPU.Build.0 = Debug|Any CPU
		{B6997C60-1816-4621-B904-7A266CC8D76C}.Debug|x64.ActiveCfg = Debug|Any CPU
		{B6997C60-1816-4621-B904-7A266CC8D76C}.Debug|x64.Build.0 = Debug|Any CPU
		{B6997C60-1816-4621-B904-7A266CC8D76C}.Debug|x86.ActiveCfg = Debug|Any CPU
		{B6997C60-1816-4621-B904-7A266CC8D76C}.Debug|x86.Build.0 = Debug|Any CPU
		{B6997C60-1816-4621-B904-7A266CC8D76C}.Release|Any CPU.ActiveCfg = Release|Any CPU
		{B6997C60-1816-4621-B904-7A266CC8D76C}.Release|Any CPU.Build.0 = Release|Any CPU
		{B6997C60-1816-4621-B904-7A266CC8D76C}.Release|x64.ActiveCfg = Release|Any CPU
		{B6997C60-1816-4621-B904-7A266CC8D76C}.Release|x64.Build.0 = Release|Any CPU
		{B6997C60-1816-4621-B904-7A266CC8D76C}.Release|x86.ActiveCfg = Release|Any CPU
		{B6997C60-1816-4621-B904-7A266CC8D76C}.Release|x86.Build.0 = Release|Any CPU
		{45EBA03B-9ED4-43AF-AB4C-317294307A84}.Debug|Any CPU.ActiveCfg = Debug|Any CPU
		{45EBA03B-9ED4-43AF-AB4C-317294307A84}.Debug|Any CPU.Build.0 = Debug|Any CPU
		{45EBA03B-9ED4-43AF-AB4C-317294307A84}.Debug|x64.ActiveCfg = Debug|Any CPU
		{45EBA03B-9ED4-43AF-AB4C-317294307A84}.Debug|x64.Build.0 = Debug|Any CPU
		{45EBA03B-9ED4-43AF-AB4C-317294307A84}.Debug|x86.ActiveCfg = Debug|Any CPU
		{45EBA03B-9ED4-43AF-AB4C-317294307A84}.Debug|x86.Build.0 = Debug|Any CPU
		{45EBA03B-9ED4-43AF-AB4C-317294307A84}.Release|Any CPU.ActiveCfg = Release|Any CPU
		{45EBA03B-9ED4-43AF-AB4C-317294307A84}.Release|Any CPU.Build.0 = Release|Any CPU
		{45EBA03B-9ED4-43AF-AB4C-317294307A84}.Release|x64.ActiveCfg = Release|Any CPU
		{45EBA03B-9ED4-43AF-AB4C-317294307A84}.Release|x64.Build.0 = Release|Any CPU
		{45EBA03B-9ED4-43AF-AB4C-317294307A84}.Release|x86.ActiveCfg = Release|Any CPU
		{45EBA03B-9ED4-43AF-AB4C-317294307A84}.Release|x86.Build.0 = Release|Any CPU
		{B0AF534D-5729-4185-BB73-E08FB9E480A2}.Debug|Any CPU.ActiveCfg = Debug|Any CPU
		{B0AF534D-5729-4185-BB73-E08FB9E480A2}.Debug|Any CPU.Build.0 = Debug|Any CPU
		{B0AF534D-5729-4185-BB73-E08FB9E480A2}.Debug|x64.ActiveCfg = Debug|Any CPU
		{B0AF534D-5729-4185-BB73-E08FB9E480A2}.Debug|x64.Build.0 = Debug|Any CPU
		{B0AF534D-5729-4185-BB73-E08FB9E480A2}.Debug|x86.ActiveCfg = Debug|Any CPU
		{B0AF534D-5729-4185-BB73-E08FB9E480A2}.Debug|x86.Build.0 = Debug|Any CPU
		{B0AF534D-5729-4185-BB73-E08FB9E480A2}.Release|Any CPU.ActiveCfg = Release|Any CPU
		{B0AF534D-5729-4185-BB73-E08FB9E480A2}.Release|Any CPU.Build.0 = Release|Any CPU
		{B0AF534D-5729-4185-BB73-E08FB9E480A2}.Release|x64.ActiveCfg = Release|Any CPU
		{B0AF534D-5729-4185-BB73-E08FB9E480A2}.Release|x64.Build.0 = Release|Any CPU
		{B0AF534D-5729-4185-BB73-E08FB9E480A2}.Release|x86.ActiveCfg = Release|Any CPU
		{B0AF534D-5729-4185-BB73-E08FB9E480A2}.Release|x86.Build.0 = Release|Any CPU
		{D508E3AE-5B15-456E-84F0-82FE2DF54D6E}.Debug|Any CPU.ActiveCfg = Debug|Any CPU
		{D508E3AE-5B15-456E-84F0-82FE2DF54D6E}.Debug|Any CPU.Build.0 = Debug|Any CPU
		{D508E3AE-5B15-456E-84F0-82FE2DF54D6E}.Debug|x64.ActiveCfg = Debug|Any CPU
		{D508E3AE-5B15-456E-84F0-82FE2DF54D6E}.Debug|x64.Build.0 = Debug|Any CPU
		{D508E3AE-5B15-456E-84F0-82FE2DF54D6E}.Debug|x86.ActiveCfg = Debug|Any CPU
		{D508E3AE-5B15-456E-84F0-82FE2DF54D6E}.Debug|x86.Build.0 = Debug|Any CPU
		{D508E3AE-5B15-456E-84F0-82FE2DF54D6E}.Release|Any CPU.ActiveCfg = Release|Any CPU
		{D508E3AE-5B15-456E-84F0-82FE2DF54D6E}.Release|Any CPU.Build.0 = Release|Any CPU
		{D508E3AE-5B15-456E-84F0-82FE2DF54D6E}.Release|x64.ActiveCfg = Release|Any CPU
		{D508E3AE-5B15-456E-84F0-82FE2DF54D6E}.Release|x64.Build.0 = Release|Any CPU
		{D508E3AE-5B15-456E-84F0-82FE2DF54D6E}.Release|x86.ActiveCfg = Release|Any CPU
		{D508E3AE-5B15-456E-84F0-82FE2DF54D6E}.Release|x86.Build.0 = Release|Any CPU
		{1552CE9F-060E-460B-B243-4B1DC02CD6E6}.Debug|Any CPU.ActiveCfg = Debug|Any CPU
		{1552CE9F-060E-460B-B243-4B1DC02CD6E6}.Debug|Any CPU.Build.0 = Debug|Any CPU
		{1552CE9F-060E-460B-B243-4B1DC02CD6E6}.Debug|x64.ActiveCfg = Debug|Any CPU
		{1552CE9F-060E-460B-B243-4B1DC02CD6E6}.Debug|x64.Build.0 = Debug|Any CPU
		{1552CE9F-060E-460B-B243-4B1DC02CD6E6}.Debug|x86.ActiveCfg = Debug|Any CPU
		{1552CE9F-060E-460B-B243-4B1DC02CD6E6}.Debug|x86.Build.0 = Debug|Any CPU
		{1552CE9F-060E-460B-B243-4B1DC02CD6E6}.Release|Any CPU.ActiveCfg = Release|Any CPU
		{1552CE9F-060E-460B-B243-4B1DC02CD6E6}.Release|Any CPU.Build.0 = Release|Any CPU
		{1552CE9F-060E-460B-B243-4B1DC02CD6E6}.Release|x64.ActiveCfg = Release|Any CPU
		{1552CE9F-060E-460B-B243-4B1DC02CD6E6}.Release|x64.Build.0 = Release|Any CPU
		{1552CE9F-060E-460B-B243-4B1DC02CD6E6}.Release|x86.ActiveCfg = Release|Any CPU
		{1552CE9F-060E-460B-B243-4B1DC02CD6E6}.Release|x86.Build.0 = Release|Any CPU
	EndGlobalSection
	GlobalSection(SolutionProperties) = preSolution
		HideSolutionNode = FALSE
	EndGlobalSection
	GlobalSection(NestedProjects) = preSolution
		{7ADA8559-966E-43C8-A772-B12CA0FFA965} = {7A5171DA-3759-5F45-6A74-C16DF4BA40C8}
		{B1846E4A-F398-4D19-90CA-B5F1B76C8EDA} = {7A5171DA-3759-5F45-6A74-C16DF4BA40C8}
		{639D0907-5565-450A-9E9C-B3AF17BE04C4} = {10766400-0DEC-FA5D-DA36-536DB4C8C2F3}
		{2550FFD7-A094-45E0-80DB-BF34A0AF435B} = {10766400-0DEC-FA5D-DA36-536DB4C8C2F3}
		{841B5FBE-822F-4A18-ACFE-51143A800503} = {10766400-0DEC-FA5D-DA36-536DB4C8C2F3}
		{29F97260-6C28-4872-AF6B-EDC0C53BEB6B} = {EA648833-2618-02AF-25F8-32472C79D2D3}
		{373CA5B3-87AB-4ECC-B09E-45BDEA3A35B8} = {EA648833-2618-02AF-25F8-32472C79D2D3}
		{CDBE4FD3-966D-4E36-A4B7-227AD318EC02} = {EA648833-2618-02AF-25F8-32472C79D2D3}
		{7F1B6CB5-7176-4EDF-91EE-057ED48DF8B6} = {EA648833-2618-02AF-25F8-32472C79D2D3}
		{66C24024-01EE-4AB4-886A-E6079908C0EA} = {EA648833-2618-02AF-25F8-32472C79D2D3}
		{4B76B3FC-DBE6-4652-BC0E-A9DE2BA7D27B} = {B2D46413-16AF-5FF0-9D29-8249F75F3513}
		{92CE3C81-3E36-41F6-8E0F-A0A2AECDDB5F} = {B2D46413-16AF-5FF0-9D29-8249F75F3513}
		{B6997C60-1816-4621-B904-7A266CC8D76C} = {B2D46413-16AF-5FF0-9D29-8249F75F3513}
		{45EBA03B-9ED4-43AF-AB4C-317294307A84} = {B2D46413-16AF-5FF0-9D29-8249F75F3513}
		{B0AF534D-5729-4185-BB73-E08FB9E480A2} = {7A5171DA-3759-5F45-6A74-C16DF4BA40C8}
		{D508E3AE-5B15-456E-84F0-82FE2DF54D6E} = {7A5171DA-3759-5F45-6A74-C16DF4BA40C8}
		{1552CE9F-060E-460B-B243-4B1DC02CD6E6} = {716D48DD-3099-74DA-CD67-AB07FB69BE87}
	EndGlobalSection
EndGlobal
